// !$*UTF8*$!
{
	archiveVersion = 1;
	classes = {
	};
	objectVersion = 46;
	objects = {

/* Begin PBXBuildFile section */
		65185A0E1B89C309001F85D5 /* StateMachineSpecs.swift in Sources */ = {isa = PBXBuildFile; fileRef = 65185A0D1B89C309001F85D5 /* StateMachineSpecs.swift */; };
		653AC5641BAFFEE700250A7C /* SwiftParse.framework in Frameworks */ = {isa = PBXBuildFile; fileRef = 653AC55D1BAFFE2D00250A7C /* SwiftParse.framework */; };
		653AC5651BAFFEE700250A7C /* SwiftParse.framework in Embed Frameworks */ = {isa = PBXBuildFile; fileRef = 653AC55D1BAFFE2D00250A7C /* SwiftParse.framework */; settings = {ATTRIBUTES = (CodeSignOnCopy, RemoveHeadersOnCopy, ); }; };
		654F9F951B8759B60042F370 /* User.swift in Sources */ = {isa = PBXBuildFile; fileRef = 654F9F941B8759B60042F370 /* User.swift */; };
		656216281B87283E003F69C3 /* AppDelegate.swift in Sources */ = {isa = PBXBuildFile; fileRef = 656216271B87283E003F69C3 /* AppDelegate.swift */; };
		6562162B1B87283E003F69C3 /* SwiftReferenceApp.xcdatamodeld in Sources */ = {isa = PBXBuildFile; fileRef = 656216291B87283E003F69C3 /* SwiftReferenceApp.xcdatamodeld */; };
		6562162D1B87283E003F69C3 /* MainViewController.swift in Sources */ = {isa = PBXBuildFile; fileRef = 6562162C1B87283E003F69C3 /* MainViewController.swift */; };
		656216301B87283E003F69C3 /* Main.storyboard in Resources */ = {isa = PBXBuildFile; fileRef = 6562162E1B87283E003F69C3 /* Main.storyboard */; };
		656216321B87283E003F69C3 /* Images.xcassets in Resources */ = {isa = PBXBuildFile; fileRef = 656216311B87283E003F69C3 /* Images.xcassets */; };
		656216351B87283E003F69C3 /* LaunchScreen.xib in Resources */ = {isa = PBXBuildFile; fileRef = 656216331B87283E003F69C3 /* LaunchScreen.xib */; };
		656216411B87283E003F69C3 /* SwiftReferenceAppSpecs.swift in Sources */ = {isa = PBXBuildFile; fileRef = 656216401B87283E003F69C3 /* SwiftReferenceAppSpecs.swift */; };
		6562164B1B87293D003F69C3 /* ApplicationSchema.dot in Resources */ = {isa = PBXBuildFile; fileRef = 6562164A1B87293D003F69C3 /* ApplicationSchema.dot */; };
		6562164D1B872B03003F69C3 /* ApplicationSchema.png in Resources */ = {isa = PBXBuildFile; fileRef = 6562164C1B872B03003F69C3 /* ApplicationSchema.png */; };
		6562F47F1BAEBE2C00906AE5 /* .gitignore in Resources */ = {isa = PBXBuildFile; fileRef = 6562EF3C1BAEBE2A00906AE5 /* .gitignore */; settings = {ASSET_TAGS = (); }; };
		6562F4801BAEBE2C00906AE5 /* .gitmodules in Resources */ = {isa = PBXBuildFile; fileRef = 6562EF3D1BAEBE2A00906AE5 /* .gitmodules */; settings = {ASSET_TAGS = (); }; };
		6562F4811BAEBE2C00906AE5 /* .travis.yml in Resources */ = {isa = PBXBuildFile; fileRef = 6562EF3E1BAEBE2A00906AE5 /* .travis.yml */; settings = {ASSET_TAGS = (); }; };
		6562F4821BAEBE2C00906AE5 /* LICENSE in Resources */ = {isa = PBXBuildFile; fileRef = 6562EF3F1BAEBE2A00906AE5 /* LICENSE */; settings = {ASSET_TAGS = (); }; };
		6562F83C1BAEBE2C00906AE5 /* README.md in Sources */ = {isa = PBXBuildFile; fileRef = 6562F44E1BAEBE2C00906AE5 /* README.md */; settings = {ASSET_TAGS = (); }; };
		65B1BF001B8CB2440064FF47 /* Test+Extensions.swift in Sources */ = {isa = PBXBuildFile; fileRef = 65B1BEFF1B8CB2440064FF47 /* Test+Extensions.swift */; };
		65B23AE31B8B306E0049D2DF /* App+Tasks.swift in Sources */ = {isa = PBXBuildFile; fileRef = 65B23AE21B8B306E0049D2DF /* App+Tasks.swift */; };
		65B23AFB1B8B31870049D2DF /* App+Metadata.swift in Sources */ = {isa = PBXBuildFile; fileRef = 65B23AFA1B8B31870049D2DF /* App+Metadata.swift */; };
		65C024CD1B873C9A0037E325 /* SwiftyStateMachine.framework in Frameworks */ = {isa = PBXBuildFile; fileRef = 657B2C601B873AB6001F6BC2 /* SwiftyStateMachine.framework */; };
		65C024CE1B873C9A0037E325 /* SwiftyStateMachine.framework in Embed Frameworks */ = {isa = PBXBuildFile; fileRef = 657B2C601B873AB6001F6BC2 /* SwiftyStateMachine.framework */; settings = {ATTRIBUTES = (CodeSignOnCopy, RemoveHeadersOnCopy, ); }; };
		65CD7D031BAF0E78001DF33F /* RxSwift.framework in Frameworks */ = {isa = PBXBuildFile; fileRef = 6580CFCF1B98BFDE00488DBB /* RxSwift.framework */; };
		65D6BFE31B8752A400FF7EAE /* Quick.framework in Frameworks */ = {isa = PBXBuildFile; fileRef = 657B2CB01B873B39001F6BC2 /* Quick.framework */; };
		65D6BFE41B8752AB00FF7EAE /* Nimble.framework in Frameworks */ = {isa = PBXBuildFile; fileRef = 65D837AF1B8749E600B6D7D3 /* Nimble.framework */; };
		65D837BA1B874AAD00B6D7D3 /* SwiftTask.framework in Frameworks */ = {isa = PBXBuildFile; fileRef = 657B2C731B873AD1001F6BC2 /* SwiftTask.framework */; };
		65D837BB1B874AAD00B6D7D3 /* SwiftTask.framework in Embed Frameworks */ = {isa = PBXBuildFile; fileRef = 657B2C731B873AD1001F6BC2 /* SwiftTask.framework */; settings = {ATTRIBUTES = (CodeSignOnCopy, RemoveHeadersOnCopy, ); }; };
		65E6E6A71BAF2A92005140DA /* Swiftz.framework in Frameworks */ = {isa = PBXBuildFile; fileRef = 658049B51B9816C1001E7F21 /* Swiftz.framework */; };
		65E6E6C01BAF2D8A005140DA /* RxCocoa.framework in Frameworks */ = {isa = PBXBuildFile; fileRef = 6580CFD31B98BFDE00488DBB /* RxCocoa.framework */; };
		65E6E6C11BAF2D8A005140DA /* RxCocoa.framework in Embed Frameworks */ = {isa = PBXBuildFile; fileRef = 6580CFD31B98BFDE00488DBB /* RxCocoa.framework */; settings = {ATTRIBUTES = (CodeSignOnCopy, RemoveHeadersOnCopy, ); }; };
		65FAA8B91B876789000CC9D6 /* App.swift in Sources */ = {isa = PBXBuildFile; fileRef = 654F9FC21B875A5D0042F370 /* App.swift */; };
		65FAA8BA1B8767B6000CC9D6 /* App+Extension.swift in Sources */ = {isa = PBXBuildFile; fileRef = 654F9FC41B8765A30042F370 /* App+Extension.swift */; };
		65FAA8BC1B877300000CC9D6 /* User+Extension.swift in Sources */ = {isa = PBXBuildFile; fileRef = 65FAA8BB1B877300000CC9D6 /* User+Extension.swift */; };
		65FAA8BE1B877629000CC9D6 /* Global.swift in Sources */ = {isa = PBXBuildFile; fileRef = 65FAA8BD1B877629000CC9D6 /* Global.swift */; };
		65FAA8C01B879FE0000CC9D6 /* ApplicationSchema.svg in Resources */ = {isa = PBXBuildFile; fileRef = 65FAA8BF1B879FE0000CC9D6 /* ApplicationSchema.svg */; };
		65FAA8C51B87B52D000CC9D6 /* App+Schema.swift in Sources */ = {isa = PBXBuildFile; fileRef = 65FAA8C41B87B52D000CC9D6 /* App+Schema.swift */; };
		65FAA8C71B87B606000CC9D6 /* User+Schema.swift in Sources */ = {isa = PBXBuildFile; fileRef = 65FAA8C61B87B606000CC9D6 /* User+Schema.swift */; };
		65FE069F1B8DD9DF0095295E /* SimpleAsyncSpec.swift in Sources */ = {isa = PBXBuildFile; fileRef = 65FE069E1B8DD9DF0095295E /* SimpleAsyncSpec.swift */; };
/* End PBXBuildFile section */

/* Begin PBXContainerItemProxy section */
		653AC55C1BAFFE2D00250A7C /* PBXContainerItemProxy */ = {
			isa = PBXContainerItemProxy;
			containerPortal = 653AC5511BAFFE2D00250A7C /* SwiftParse.xcodeproj */;
			proxyType = 2;
			remoteGlobalIDString = 650722661B9F6A9800214138;
			remoteInfo = "SwiftParse-iOS";
		};
		653AC55E1BAFFE2D00250A7C /* PBXContainerItemProxy */ = {
			isa = PBXContainerItemProxy;
			containerPortal = 653AC5511BAFFE2D00250A7C /* SwiftParse.xcodeproj */;
			proxyType = 2;
			remoteGlobalIDString = 650722701B9F6A9900214138;
			remoteInfo = "SwiftParse-iOSTests";
		};
		653AC5601BAFFE2D00250A7C /* PBXContainerItemProxy */ = {
			isa = PBXContainerItemProxy;
			containerPortal = 653AC5511BAFFE2D00250A7C /* SwiftParse.xcodeproj */;
			proxyType = 2;
			remoteGlobalIDString = 6513C7A11BA28BBA00912A7C;
			remoteInfo = "SwiftParse-OSX";
		};
		653AC5621BAFFE2D00250A7C /* PBXContainerItemProxy */ = {
			isa = PBXContainerItemProxy;
			containerPortal = 653AC5511BAFFE2D00250A7C /* SwiftParse.xcodeproj */;
			proxyType = 2;
			remoteGlobalIDString = 6513C7AA1BA28BBA00912A7C;
			remoteInfo = "SwiftParse-OSXTests";
		};
		653AC5661BAFFEE700250A7C /* PBXContainerItemProxy */ = {
			isa = PBXContainerItemProxy;
			containerPortal = 653AC5511BAFFE2D00250A7C /* SwiftParse.xcodeproj */;
			proxyType = 1;
			remoteGlobalIDString = 650722651B9F6A9800214138;
			remoteInfo = "SwiftParse-iOS";
		};
		6562163B1B87283E003F69C3 /* PBXContainerItemProxy */ = {
			isa = PBXContainerItemProxy;
			containerPortal = 6562161A1B87283E003F69C3 /* Project object */;
			proxyType = 1;
			remoteGlobalIDString = 656216211B87283E003F69C3;
			remoteInfo = SwiftReferenceApp;
		};
		657B2C5F1B873AB6001F6BC2 /* PBXContainerItemProxy */ = {
			isa = PBXContainerItemProxy;
			containerPortal = 657B2C581B873AB6001F6BC2 /* SwiftyStateMachine.xcodeproj */;
			proxyType = 2;
			remoteGlobalIDString = CB4D56991AC169A3006715E8;
			remoteInfo = "SwiftyStateMachine-iOS";
		};
		657B2C611B873AB6001F6BC2 /* PBXContainerItemProxy */ = {
			isa = PBXContainerItemProxy;
			containerPortal = 657B2C581B873AB6001F6BC2 /* SwiftyStateMachine.xcodeproj */;
			proxyType = 2;
			remoteGlobalIDString = CB4D56A41AC169A3006715E8;
			remoteInfo = "SwiftyStateMachine-iOS Tests";
		};
		657B2C631B873AB6001F6BC2 /* PBXContainerItemProxy */ = {
			isa = PBXContainerItemProxy;
			containerPortal = 657B2C581B873AB6001F6BC2 /* SwiftyStateMachine.xcodeproj */;
			proxyType = 2;
			remoteGlobalIDString = CBE36D091AC44BA000CFE10F;
			remoteInfo = "SwiftyStateMachine-iOS";
		};
		657B2C651B873AB6001F6BC2 /* PBXContainerItemProxy */ = {
			isa = PBXContainerItemProxy;
			containerPortal = 657B2C581B873AB6001F6BC2 /* SwiftyStateMachine.xcodeproj */;
			proxyType = 2;
			remoteGlobalIDString = CBE36D131AC44BA000CFE10F;
			remoteInfo = "SwiftyStateMachine-iOS Tests";
		};
		657B2C6E1B873AD1001F6BC2 /* PBXContainerItemProxy */ = {
			isa = PBXContainerItemProxy;
			containerPortal = 657B2C671B873AD1001F6BC2 /* SwiftTask.xcodeproj */;
			proxyType = 2;
			remoteGlobalIDString = 1F46DED4199EDF1000F97868;
			remoteInfo = "SwiftTask-OSX";
		};
		657B2C701B873AD1001F6BC2 /* PBXContainerItemProxy */ = {
			isa = PBXContainerItemProxy;
			containerPortal = 657B2C671B873AD1001F6BC2 /* SwiftTask.xcodeproj */;
			proxyType = 2;
			remoteGlobalIDString = 1F46DEDF199EDF1000F97868;
			remoteInfo = "SwiftTask-OSXTests";
		};
		657B2C721B873AD1001F6BC2 /* PBXContainerItemProxy */ = {
			isa = PBXContainerItemProxy;
			containerPortal = 657B2C671B873AD1001F6BC2 /* SwiftTask.xcodeproj */;
			proxyType = 2;
			remoteGlobalIDString = 48CD5A0C19AEE3570042B9F1;
			remoteInfo = "SwiftTask-iOS";
		};
		657B2C741B873AD1001F6BC2 /* PBXContainerItemProxy */ = {
			isa = PBXContainerItemProxy;
			containerPortal = 657B2C671B873AD1001F6BC2 /* SwiftTask.xcodeproj */;
			proxyType = 2;
			remoteGlobalIDString = 4822F0D019D00ABF00F5F572;
			remoteInfo = "SwiftTask-iOSTests";
		};
		657B2CA91B873B39001F6BC2 /* PBXContainerItemProxy */ = {
			isa = PBXContainerItemProxy;
			containerPortal = 657B2CA01B873B39001F6BC2 /* Quick.xcodeproj */;
			proxyType = 2;
			remoteGlobalIDString = DAEB6B8E1943873100289F44;
			remoteInfo = "Quick-OSX";
		};
		657B2CAB1B873B39001F6BC2 /* PBXContainerItemProxy */ = {
			isa = PBXContainerItemProxy;
			containerPortal = 657B2CA01B873B39001F6BC2 /* Quick.xcodeproj */;
			proxyType = 2;
			remoteGlobalIDString = DAEB6B991943873100289F44;
			remoteInfo = "Quick-OSXTests";
		};
		657B2CAD1B873B39001F6BC2 /* PBXContainerItemProxy */ = {
			isa = PBXContainerItemProxy;
			containerPortal = 657B2CA01B873B39001F6BC2 /* Quick.xcodeproj */;
			proxyType = 2;
			remoteGlobalIDString = DA5663E81A4C8D8500193C88;
			remoteInfo = "QuickFocused-OSXTests";
		};
		657B2CAF1B873B39001F6BC2 /* PBXContainerItemProxy */ = {
			isa = PBXContainerItemProxy;
			containerPortal = 657B2CA01B873B39001F6BC2 /* Quick.xcodeproj */;
			proxyType = 2;
			remoteGlobalIDString = 5A5D117C19473F2100F6D13D;
			remoteInfo = "Quick-iOS";
		};
		657B2CB11B873B39001F6BC2 /* PBXContainerItemProxy */ = {
			isa = PBXContainerItemProxy;
			containerPortal = 657B2CA01B873B39001F6BC2 /* Quick.xcodeproj */;
			proxyType = 2;
			remoteGlobalIDString = 5A5D118619473F2100F6D13D;
			remoteInfo = "Quick-iOSTests";
		};
		657B2CB31B873B39001F6BC2 /* PBXContainerItemProxy */ = {
			isa = PBXContainerItemProxy;
			containerPortal = 657B2CA01B873B39001F6BC2 /* Quick.xcodeproj */;
			proxyType = 2;
			remoteGlobalIDString = DA9876B21A4C70EB0004AA17;
			remoteInfo = "QuickFocused-iOSTests";
		};
		658049B01B9816C1001E7F21 /* PBXContainerItemProxy */ = {
			isa = PBXContainerItemProxy;
			containerPortal = 658049A81B9816C0001E7F21 /* Swiftz.xcodeproj */;
			proxyType = 2;
			remoteGlobalIDString = 84A88F981A71DF7F003D53CF;
			remoteInfo = Swiftz;
		};
		658049B21B9816C1001E7F21 /* PBXContainerItemProxy */ = {
			isa = PBXContainerItemProxy;
			containerPortal = 658049A81B9816C0001E7F21 /* Swiftz.xcodeproj */;
			proxyType = 2;
			remoteGlobalIDString = 84A88FA31A71DF7F003D53CF;
			remoteInfo = SwiftzTests;
		};
		658049B41B9816C1001E7F21 /* PBXContainerItemProxy */ = {
			isa = PBXContainerItemProxy;
			containerPortal = 658049A81B9816C0001E7F21 /* Swiftz.xcodeproj */;
			proxyType = 2;
			remoteGlobalIDString = 84DF751E1B0BD17700C912B0;
			remoteInfo = "Swiftz-iOS";
		};
		658049B61B9816C1001E7F21 /* PBXContainerItemProxy */ = {
			isa = PBXContainerItemProxy;
			containerPortal = 658049A81B9816C0001E7F21 /* Swiftz.xcodeproj */;
			proxyType = 2;
			remoteGlobalIDString = 84DF75281B0BD17700C912B0;
			remoteInfo = "Swiftz-iOSTests";
		};
		6580CFCE1B98BFDE00488DBB /* PBXContainerItemProxy */ = {
			isa = PBXContainerItemProxy;
			containerPortal = 657B2C761B873AEB001F6BC2 /* Rx.xcodeproj */;
			proxyType = 2;
			remoteGlobalIDString = C8A56AD71AD7424700B4673B;
			remoteInfo = "RxSwift-iOS";
		};
		6580CFD01B98BFDE00488DBB /* PBXContainerItemProxy */ = {
			isa = PBXContainerItemProxy;
			containerPortal = 657B2C761B873AEB001F6BC2 /* Rx.xcodeproj */;
			proxyType = 2;
			remoteGlobalIDString = C88BB8711B07E5ED0064D411;
			remoteInfo = "RxSwift-OSX";
		};
		6580CFD21B98BFDE00488DBB /* PBXContainerItemProxy */ = {
			isa = PBXContainerItemProxy;
			containerPortal = 657B2C761B873AEB001F6BC2 /* Rx.xcodeproj */;
			proxyType = 2;
			remoteGlobalIDString = C809396D1B8A71760088E94D;
			remoteInfo = "RxCocoa-iOS";
		};
		6580CFD41B98BFDE00488DBB /* PBXContainerItemProxy */ = {
			isa = PBXContainerItemProxy;
			containerPortal = 657B2C761B873AEB001F6BC2 /* Rx.xcodeproj */;
			proxyType = 2;
			remoteGlobalIDString = C80939E71B8A71840088E94D;
			remoteInfo = "RxCocoa-OSX";
		};
		6580CFD61B98BFDE00488DBB /* PBXContainerItemProxy */ = {
			isa = PBXContainerItemProxy;
			containerPortal = 657B2C761B873AEB001F6BC2 /* Rx.xcodeproj */;
			proxyType = 2;
			remoteGlobalIDString = C8093BC71B8A71F00088E94D;
			remoteInfo = "RxBlocking-iOS";
		};
		6580CFD81B98BFDE00488DBB /* PBXContainerItemProxy */ = {
			isa = PBXContainerItemProxy;
			containerPortal = 657B2C761B873AEB001F6BC2 /* Rx.xcodeproj */;
			proxyType = 2;
			remoteGlobalIDString = C8093C451B8A71FC0088E94D;
			remoteInfo = "RxBlocking-OSX";
		};
		65D837AE1B8749E600B6D7D3 /* PBXContainerItemProxy */ = {
			isa = PBXContainerItemProxy;
			containerPortal = 65D837A71B8749E600B6D7D3 /* Nimble.xcodeproj */;
			proxyType = 2;
			remoteGlobalIDString = 1F1A74291940169200FFFC47;
			remoteInfo = "Nimble-iOS";
		};
		65D837B01B8749E600B6D7D3 /* PBXContainerItemProxy */ = {
			isa = PBXContainerItemProxy;
			containerPortal = 65D837A71B8749E600B6D7D3 /* Nimble.xcodeproj */;
			proxyType = 2;
			remoteGlobalIDString = 1F1A74341940169200FFFC47;
			remoteInfo = "Nimble-iOSTests";
		};
		65D837B21B8749E600B6D7D3 /* PBXContainerItemProxy */ = {
			isa = PBXContainerItemProxy;
			containerPortal = 65D837A71B8749E600B6D7D3 /* Nimble.xcodeproj */;
			proxyType = 2;
			remoteGlobalIDString = 1F925EAD195C0D6300ED456B;
			remoteInfo = "Nimble-OSX";
		};
		65D837B41B8749E600B6D7D3 /* PBXContainerItemProxy */ = {
			isa = PBXContainerItemProxy;
			containerPortal = 65D837A71B8749E600B6D7D3 /* Nimble.xcodeproj */;
			proxyType = 2;
			remoteGlobalIDString = 1F925EB7195C0D6300ED456B;
			remoteInfo = "Nimble-OSXTests";
		};
		65E6E6C21BAF2D8A005140DA /* PBXContainerItemProxy */ = {
			isa = PBXContainerItemProxy;
			containerPortal = 657B2C761B873AEB001F6BC2 /* Rx.xcodeproj */;
			proxyType = 1;
			remoteGlobalIDString = C80938F51B8A71760088E94D;
			remoteInfo = "RxCocoa-iOS";
		};
/* End PBXContainerItemProxy section */

/* Begin PBXCopyFilesBuildPhase section */
		65C024CC1B873C8E0037E325 /* Embed Frameworks */ = {
			isa = PBXCopyFilesBuildPhase;
			buildActionMask = 2147483647;
			dstPath = "";
			dstSubfolderSpec = 10;
			files = (
				653AC5651BAFFEE700250A7C /* SwiftParse.framework in Embed Frameworks */,
				65E6E6C11BAF2D8A005140DA /* RxCocoa.framework in Embed Frameworks */,
				65C024CE1B873C9A0037E325 /* SwiftyStateMachine.framework in Embed Frameworks */,
				65D837BB1B874AAD00B6D7D3 /* SwiftTask.framework in Embed Frameworks */,
			);
			name = "Embed Frameworks";
			runOnlyForDeploymentPostprocessing = 0;
		};
/* End PBXCopyFilesBuildPhase section */

/* Begin PBXFileReference section */
		6506B3451B99914B00607FC8 /* Swiftx.playground */ = {isa = PBXFileReference; lastKnownFileType = file.playground; name = Swiftx.playground; path = Playgrounds/Swiftx.playground; sourceTree = "<group>"; };
		6507225B1B9F65B500214138 /* Parsing.playground */ = {isa = PBXFileReference; lastKnownFileType = file.playground; name = Parsing.playground; path = Playgrounds/Parsing.playground; sourceTree = "<group>"; };
		65185A0D1B89C309001F85D5 /* StateMachineSpecs.swift */ = {isa = PBXFileReference; fileEncoding = 4; lastKnownFileType = sourcecode.swift; path = StateMachineSpecs.swift; sourceTree = "<group>"; };
		653AC5511BAFFE2D00250A7C /* SwiftParse.xcodeproj */ = {isa = PBXFileReference; lastKnownFileType = "wrapper.pb-project"; name = SwiftParse.xcodeproj; path = ../Modules/SwiftParse/SwiftParse/SwiftParse.xcodeproj; sourceTree = "<group>"; };
		654F9F941B8759B60042F370 /* User.swift */ = {isa = PBXFileReference; fileEncoding = 4; lastKnownFileType = sourcecode.swift; path = User.swift; sourceTree = "<group>"; };
		654F9FC21B875A5D0042F370 /* App.swift */ = {isa = PBXFileReference; fileEncoding = 4; lastKnownFileType = sourcecode.swift; path = App.swift; sourceTree = "<group>"; };
		654F9FC41B8765A30042F370 /* App+Extension.swift */ = {isa = PBXFileReference; fileEncoding = 4; lastKnownFileType = sourcecode.swift; path = "App+Extension.swift"; sourceTree = "<group>"; };
		656216221B87283E003F69C3 /* SwiftReferenceApp.app */ = {isa = PBXFileReference; explicitFileType = wrapper.application; includeInIndex = 0; path = SwiftReferenceApp.app; sourceTree = BUILT_PRODUCTS_DIR; };
		656216261B87283E003F69C3 /* Info.plist */ = {isa = PBXFileReference; lastKnownFileType = text.plist.xml; path = Info.plist; sourceTree = "<group>"; };
		656216271B87283E003F69C3 /* AppDelegate.swift */ = {isa = PBXFileReference; lastKnownFileType = sourcecode.swift; path = AppDelegate.swift; sourceTree = "<group>"; };
		6562162A1B87283E003F69C3 /* SwiftReferenceApp.xcdatamodel */ = {isa = PBXFileReference; lastKnownFileType = wrapper.xcdatamodel; path = SwiftReferenceApp.xcdatamodel; sourceTree = "<group>"; };
		6562162C1B87283E003F69C3 /* MainViewController.swift */ = {isa = PBXFileReference; lastKnownFileType = sourcecode.swift; path = MainViewController.swift; sourceTree = "<group>"; };
		6562162F1B87283E003F69C3 /* Base */ = {isa = PBXFileReference; lastKnownFileType = file.storyboard; name = Base; path = Base.lproj/Main.storyboard; sourceTree = "<group>"; };
		656216311B87283E003F69C3 /* Images.xcassets */ = {isa = PBXFileReference; lastKnownFileType = folder.assetcatalog; path = Images.xcassets; sourceTree = "<group>"; };
		656216341B87283E003F69C3 /* Base */ = {isa = PBXFileReference; lastKnownFileType = file.xib; name = Base; path = Base.lproj/LaunchScreen.xib; sourceTree = "<group>"; };
		6562163A1B87283E003F69C3 /* SwiftReferenceAppTests.xctest */ = {isa = PBXFileReference; explicitFileType = wrapper.cfbundle; includeInIndex = 0; path = SwiftReferenceAppTests.xctest; sourceTree = BUILT_PRODUCTS_DIR; };
		6562163F1B87283E003F69C3 /* Info.plist */ = {isa = PBXFileReference; lastKnownFileType = text.plist.xml; path = Info.plist; sourceTree = "<group>"; };
		656216401B87283E003F69C3 /* SwiftReferenceAppSpecs.swift */ = {isa = PBXFileReference; lastKnownFileType = sourcecode.swift; path = SwiftReferenceAppSpecs.swift; sourceTree = "<group>"; };
		6562164A1B87293D003F69C3 /* ApplicationSchema.dot */ = {isa = PBXFileReference; explicitFileType = text.json; fileEncoding = 4; path = ApplicationSchema.dot; sourceTree = "<group>"; };
		6562164C1B872B03003F69C3 /* ApplicationSchema.png */ = {isa = PBXFileReference; lastKnownFileType = image.png; path = ApplicationSchema.png; sourceTree = "<group>"; };
		6562EF3C1BAEBE2A00906AE5 /* .gitignore */ = {isa = PBXFileReference; fileEncoding = 4; lastKnownFileType = text; path = .gitignore; sourceTree = "<group>"; };
		6562EF3D1BAEBE2A00906AE5 /* .gitmodules */ = {isa = PBXFileReference; fileEncoding = 4; lastKnownFileType = text; path = .gitmodules; sourceTree = "<group>"; };
		6562EF3E1BAEBE2A00906AE5 /* .travis.yml */ = {isa = PBXFileReference; fileEncoding = 4; lastKnownFileType = text; path = .travis.yml; sourceTree = "<group>"; };
		6562EF3F1BAEBE2A00906AE5 /* LICENSE */ = {isa = PBXFileReference; fileEncoding = 4; lastKnownFileType = text; path = LICENSE; sourceTree = "<group>"; };
		6562F44E1BAEBE2C00906AE5 /* README.md */ = {isa = PBXFileReference; fileEncoding = 4; lastKnownFileType = net.daringfireball.markdown; path = README.md; sourceTree = "<group>"; };
		656504591B91FA8500144982 /* DotParser.playground */ = {isa = PBXFileReference; lastKnownFileType = file.playground; name = DotParser.playground; path = Playgrounds/DotParser.playground; sourceTree = "<group>"; };
		657456BC1B8F3FFE000512B6 /* RxSelectMany.playground */ = {isa = PBXFileReference; lastKnownFileType = file.playground; name = RxSelectMany.playground; path = Playgrounds/RxSelectMany.playground; sourceTree = "<group>"; };
		657B2C581B873AB6001F6BC2 /* SwiftyStateMachine.xcodeproj */ = {isa = PBXFileReference; lastKnownFileType = "wrapper.pb-project"; name = SwiftyStateMachine.xcodeproj; path = ../Modules/SwiftyStateMachine/SwiftyStateMachine.xcodeproj; sourceTree = "<group>"; };
		657B2C671B873AD1001F6BC2 /* SwiftTask.xcodeproj */ = {isa = PBXFileReference; lastKnownFileType = "wrapper.pb-project"; name = SwiftTask.xcodeproj; path = ../Modules/SwiftTask/SwiftTask.xcodeproj; sourceTree = "<group>"; };
		657B2C761B873AEB001F6BC2 /* Rx.xcodeproj */ = {isa = PBXFileReference; lastKnownFileType = "wrapper.pb-project"; name = Rx.xcodeproj; path = ../Modules/RxSwift/Rx.xcodeproj; sourceTree = "<group>"; };
		657B2CA01B873B39001F6BC2 /* Quick.xcodeproj */ = {isa = PBXFileReference; lastKnownFileType = "wrapper.pb-project"; name = Quick.xcodeproj; path = ../Modules/Quick/Quick.xcodeproj; sourceTree = "<group>"; };
		658049911B9812F4001E7F21 /* PatternMatchingOperator.playground */ = {isa = PBXFileReference; lastKnownFileType = file.playground; name = PatternMatchingOperator.playground; path = Playgrounds/PatternMatchingOperator.playground; sourceTree = "<group>"; };
		658049A81B9816C0001E7F21 /* Swiftz.xcodeproj */ = {isa = PBXFileReference; lastKnownFileType = "wrapper.pb-project"; name = Swiftz.xcodeproj; path = ../Modules/Swiftz/Swiftz.xcodeproj; sourceTree = "<group>"; };
		658049B81B986E71001E7F21 /* Swiftz.playground */ = {isa = PBXFileReference; lastKnownFileType = file.playground; name = Swiftz.playground; path = Playgrounds/Swiftz.playground; sourceTree = "<group>"; };
		6586281E1B90FF7500107A04 /* Parser.playground */ = {isa = PBXFileReference; lastKnownFileType = file.playground; name = Parser.playground; path = Playgrounds/Parser.playground; sourceTree = "<group>"; };
		659791681B9EB6E90081166A /* Functional.playground */ = {isa = PBXFileReference; lastKnownFileType = file.playground; path = Functional.playground; sourceTree = "<group>"; };
		65A7404B1B94467D0026DB72 /* Scratch.playground */ = {isa = PBXFileReference; lastKnownFileType = file.playground; name = Scratch.playground; path = Playgrounds/Scratch.playground; sourceTree = "<group>"; };
		65B1BEFD1B8C37490064FF47 /* RxAndDisposable.iOS.playground */ = {isa = PBXFileReference; lastKnownFileType = file.playground; name = RxAndDisposable.iOS.playground; path = Playgrounds/RxAndDisposable.iOS.playground; sourceTree = "<group>"; };
		65B1BEFE1B8C67B90064FF47 /* Co-and-Contravariance.playground */ = {isa = PBXFileReference; lastKnownFileType = file.playground; name = "Co-and-Contravariance.playground"; path = "Playgrounds/Co-and-Contravariance.playground"; sourceTree = "<group>"; };
		65B1BEFF1B8CB2440064FF47 /* Test+Extensions.swift */ = {isa = PBXFileReference; fileEncoding = 4; lastKnownFileType = sourcecode.swift; path = "Test+Extensions.swift"; sourceTree = "<group>"; };
		65B23AE21B8B306E0049D2DF /* App+Tasks.swift */ = {isa = PBXFileReference; fileEncoding = 4; lastKnownFileType = sourcecode.swift; path = "App+Tasks.swift"; sourceTree = "<group>"; };
		65B23AFA1B8B31870049D2DF /* App+Metadata.swift */ = {isa = PBXFileReference; fileEncoding = 4; lastKnownFileType = sourcecode.swift; path = "App+Metadata.swift"; sourceTree = "<group>"; };
		65D837A71B8749E600B6D7D3 /* Nimble.xcodeproj */ = {isa = PBXFileReference; lastKnownFileType = "wrapper.pb-project"; name = Nimble.xcodeproj; path = ../Modules/Quick/Externals/Nimble/Nimble.xcodeproj; sourceTree = "<group>"; };
		65FAA8BB1B877300000CC9D6 /* User+Extension.swift */ = {isa = PBXFileReference; fileEncoding = 4; lastKnownFileType = sourcecode.swift; path = "User+Extension.swift"; sourceTree = "<group>"; };
		65FAA8BD1B877629000CC9D6 /* Global.swift */ = {isa = PBXFileReference; fileEncoding = 4; lastKnownFileType = sourcecode.swift; path = Global.swift; sourceTree = "<group>"; };
		65FAA8BF1B879FE0000CC9D6 /* ApplicationSchema.svg */ = {isa = PBXFileReference; fileEncoding = 4; lastKnownFileType = text.xml; path = ApplicationSchema.svg; sourceTree = "<group>"; };
		65FAA8C41B87B52D000CC9D6 /* App+Schema.swift */ = {isa = PBXFileReference; fileEncoding = 4; lastKnownFileType = sourcecode.swift; path = "App+Schema.swift"; sourceTree = "<group>"; };
		65FAA8C61B87B606000CC9D6 /* User+Schema.swift */ = {isa = PBXFileReference; fileEncoding = 4; lastKnownFileType = sourcecode.swift; path = "User+Schema.swift"; sourceTree = "<group>"; };
		65FE069E1B8DD9DF0095295E /* SimpleAsyncSpec.swift */ = {isa = PBXFileReference; fileEncoding = 4; lastKnownFileType = sourcecode.swift; path = SimpleAsyncSpec.swift; sourceTree = "<group>"; };
/* End PBXFileReference section */

/* Begin PBXFrameworksBuildPhase section */
		6562161F1B87283E003F69C3 /* Frameworks */ = {
			isa = PBXFrameworksBuildPhase;
			buildActionMask = 2147483647;
			files = (
				65E6E6A71BAF2A92005140DA /* Swiftz.framework in Frameworks */,
				65CD7D031BAF0E78001DF33F /* RxSwift.framework in Frameworks */,
				653AC5641BAFFEE700250A7C /* SwiftParse.framework in Frameworks */,
				65C024CD1B873C9A0037E325 /* SwiftyStateMachine.framework in Frameworks */,
				65E6E6C01BAF2D8A005140DA /* RxCocoa.framework in Frameworks */,
				65D837BA1B874AAD00B6D7D3 /* SwiftTask.framework in Frameworks */,
			);
			runOnlyForDeploymentPostprocessing = 0;
		};
		656216371B87283E003F69C3 /* Frameworks */ = {
			isa = PBXFrameworksBuildPhase;
			buildActionMask = 2147483647;
			files = (
				65D6BFE41B8752AB00FF7EAE /* Nimble.framework in Frameworks */,
				65D6BFE31B8752A400FF7EAE /* Quick.framework in Frameworks */,
			);
			runOnlyForDeploymentPostprocessing = 0;
		};
/* End PBXFrameworksBuildPhase section */

/* Begin PBXGroup section */
		653AC5521BAFFE2D00250A7C /* Products */ = {
			isa = PBXGroup;
			children = (
				653AC55D1BAFFE2D00250A7C /* SwiftParse.framework */,
				653AC55F1BAFFE2D00250A7C /* SwiftParse-iOSTests.xctest */,
				653AC5611BAFFE2D00250A7C /* SwiftParse.framework */,
				653AC5631BAFFE2D00250A7C /* SwiftParse-OSXTests.xctest */,
			);
			name = Products;
			sourceTree = "<group>";
		};
		656216191B87283E003F69C3 = {
			isa = PBXGroup;
			children = (
				6562EF3B1BAEBE2A00906AE5 /* SwiftReferenceApp */,
				65B1BEE61B8C37170064FF47 /* Playgrounds */,
				657B2C571B873AA0001F6BC2 /* Dependencies */,
				656216241B87283E003F69C3 /* SwiftReferenceApp */,
				6562163D1B87283E003F69C3 /* SwiftReferenceAppTests */,
				656216231B87283E003F69C3 /* Products */,
			);
			sourceTree = "<group>";
		};
		656216231B87283E003F69C3 /* Products */ = {
			isa = PBXGroup;
			children = (
				656216221B87283E003F69C3 /* SwiftReferenceApp.app */,
				6562163A1B87283E003F69C3 /* SwiftReferenceAppTests.xctest */,
			);
			name = Products;
			sourceTree = "<group>";
		};
		656216241B87283E003F69C3 /* SwiftReferenceApp */ = {
			isa = PBXGroup;
			children = (
				65B227111B874578001A621D /* Models */,
				65B227241B874584001A621D /* Views */,
				65FAA8C31B87A56E000CC9D6 /* ViewModels */,
				65B227251B87458B001A621D /* Controllers */,
				656216271B87283E003F69C3 /* AppDelegate.swift */,
				65FAA8BD1B877629000CC9D6 /* Global.swift */,
				6562162E1B87283E003F69C3 /* Main.storyboard */,
				656216311B87283E003F69C3 /* Images.xcassets */,
				656216331B87283E003F69C3 /* LaunchScreen.xib */,
				656216291B87283E003F69C3 /* SwiftReferenceApp.xcdatamodeld */,
				656216251B87283E003F69C3 /* Supporting Files */,
			);
			path = SwiftReferenceApp;
			sourceTree = "<group>";
		};
		656216251B87283E003F69C3 /* Supporting Files */ = {
			isa = PBXGroup;
			children = (
				65FAA8BF1B879FE0000CC9D6 /* ApplicationSchema.svg */,
				656216261B87283E003F69C3 /* Info.plist */,
				6562164A1B87293D003F69C3 /* ApplicationSchema.dot */,
				6562164C1B872B03003F69C3 /* ApplicationSchema.png */,
			);
			name = "Supporting Files";
			sourceTree = "<group>";
		};
		6562163D1B87283E003F69C3 /* SwiftReferenceAppTests */ = {
			isa = PBXGroup;
			children = (
				6562163E1B87283E003F69C3 /* Supporting Files */,
				65185A0D1B89C309001F85D5 /* StateMachineSpecs.swift */,
				656216401B87283E003F69C3 /* SwiftReferenceAppSpecs.swift */,
				65B1BEFF1B8CB2440064FF47 /* Test+Extensions.swift */,
			);
			path = SwiftReferenceAppTests;
			sourceTree = "<group>";
		};
		6562163E1B87283E003F69C3 /* Supporting Files */ = {
			isa = PBXGroup;
			children = (
				65FE069E1B8DD9DF0095295E /* SimpleAsyncSpec.swift */,
				6562163F1B87283E003F69C3 /* Info.plist */,
			);
			name = "Supporting Files";
			sourceTree = "<group>";
		};
		6562EF3B1BAEBE2A00906AE5 /* SwiftReferenceApp */ = {
			isa = PBXGroup;
			children = (
				6562EF3C1BAEBE2A00906AE5 /* .gitignore */,
				6562EF3D1BAEBE2A00906AE5 /* .gitmodules */,
				6562EF3E1BAEBE2A00906AE5 /* .travis.yml */,
				6562EF3F1BAEBE2A00906AE5 /* LICENSE */,
				6562F44E1BAEBE2C00906AE5 /* README.md */,
			);
			name = SwiftReferenceApp;
			path = ..;
			sourceTree = "<group>";
		};
		657B2C571B873AA0001F6BC2 /* Dependencies */ = {
			isa = PBXGroup;
			children = (
				653AC5511BAFFE2D00250A7C /* SwiftParse.xcodeproj */,
				65D837A71B8749E600B6D7D3 /* Nimble.xcodeproj */,
				657B2CA01B873B39001F6BC2 /* Quick.xcodeproj */,
				657B2C761B873AEB001F6BC2 /* Rx.xcodeproj */,
				657B2C581B873AB6001F6BC2 /* SwiftyStateMachine.xcodeproj */,
				657B2C671B873AD1001F6BC2 /* SwiftTask.xcodeproj */,
				658049A81B9816C0001E7F21 /* Swiftz.xcodeproj */,
			);
			name = Dependencies;
			sourceTree = "<group>";
		};
		657B2C591B873AB6001F6BC2 /* Products */ = {
			isa = PBXGroup;
			children = (
				657B2C601B873AB6001F6BC2 /* SwiftyStateMachine.framework */,
				657B2C621B873AB6001F6BC2 /* SwiftyStateMachineTests.xctest */,
				657B2C641B873AB6001F6BC2 /* SwiftyStateMachine.framework */,
				657B2C661B873AB6001F6BC2 /* SwiftyStateMachineTests.xctest */,
			);
			name = Products;
			sourceTree = "<group>";
		};
		657B2C681B873AD1001F6BC2 /* Products */ = {
			isa = PBXGroup;
			children = (
				657B2C6F1B873AD1001F6BC2 /* SwiftTask.framework */,
				657B2C711B873AD1001F6BC2 /* SwiftTask-OSXTests.xctest */,
				657B2C731B873AD1001F6BC2 /* SwiftTask.framework */,
				657B2C751B873AD1001F6BC2 /* SwiftTask-iOSTests.xctest */,
			);
			name = Products;
			sourceTree = "<group>";
		};
		657B2CA11B873B39001F6BC2 /* Products */ = {
			isa = PBXGroup;
			children = (
				657B2CAA1B873B39001F6BC2 /* Quick.framework */,
				657B2CAC1B873B39001F6BC2 /* Quick-OSXTests.xctest */,
				657B2CAE1B873B39001F6BC2 /* QuickFocused-OSXTests.xctest */,
				657B2CB01B873B39001F6BC2 /* Quick.framework */,
				657B2CB21B873B39001F6BC2 /* Quick-iOSTests.xctest */,
				657B2CB41B873B39001F6BC2 /* QuickFocused-iOSTests.xctest */,
			);
			name = Products;
			sourceTree = "<group>";
		};
		658049A91B9816C0001E7F21 /* Products */ = {
			isa = PBXGroup;
			children = (
				658049B11B9816C1001E7F21 /* Swiftz.framework */,
				658049B31B9816C1001E7F21 /* SwiftzTests.xctest */,
				658049B51B9816C1001E7F21 /* Swiftz.framework */,
				658049B71B9816C1001E7F21 /* Swiftz-iOSTests.xctest */,
			);
			name = Products;
			sourceTree = "<group>";
		};
		6580CFC61B98BFDE00488DBB /* Products */ = {
			isa = PBXGroup;
			children = (
				6580CFCF1B98BFDE00488DBB /* RxSwift.framework */,
				6580CFD11B98BFDE00488DBB /* RxSwift.framework */,
				6580CFD31B98BFDE00488DBB /* RxCocoa.framework */,
				6580CFD51B98BFDE00488DBB /* RxCocoa.framework */,
				6580CFD71B98BFDE00488DBB /* RxBlocking.framework */,
				6580CFD91B98BFDE00488DBB /* RxBlocking.framework */,
			);
			name = Products;
			sourceTree = "<group>";
		};
		65B1BEE61B8C37170064FF47 /* Playgrounds */ = {
			isa = PBXGroup;
			children = (
				6507225B1B9F65B500214138 /* Parsing.playground */,
				656504591B91FA8500144982 /* DotParser.playground */,
				65B1BEFD1B8C37490064FF47 /* RxAndDisposable.iOS.playground */,
				65B1BEFE1B8C67B90064FF47 /* Co-and-Contravariance.playground */,
				657456BC1B8F3FFE000512B6 /* RxSelectMany.playground */,
				6586281E1B90FF7500107A04 /* Parser.playground */,
				65A7404B1B94467D0026DB72 /* Scratch.playground */,
				658049911B9812F4001E7F21 /* PatternMatchingOperator.playground */,
				658049B81B986E71001E7F21 /* Swiftz.playground */,
				6506B3451B99914B00607FC8 /* Swiftx.playground */,
				659791681B9EB6E90081166A /* Functional.playground */,
			);
			name = Playgrounds;
			sourceTree = "<group>";
		};
		65B227111B874578001A621D /* Models */ = {
			isa = PBXGroup;
			children = (
				654F9FC21B875A5D0042F370 /* App.swift */,
				654F9FC41B8765A30042F370 /* App+Extension.swift */,
				65B23AFA1B8B31870049D2DF /* App+Metadata.swift */,
				65FAA8C41B87B52D000CC9D6 /* App+Schema.swift */,
				65B23AE21B8B306E0049D2DF /* App+Tasks.swift */,
				654F9F941B8759B60042F370 /* User.swift */,
				65FAA8BB1B877300000CC9D6 /* User+Extension.swift */,
				65FAA8C61B87B606000CC9D6 /* User+Schema.swift */,
			);
			name = Models;
			sourceTree = "<group>";
		};
		65B227241B874584001A621D /* Views */ = {
			isa = PBXGroup;
			children = (
			);
			name = Views;
			sourceTree = "<group>";
		};
		65B227251B87458B001A621D /* Controllers */ = {
			isa = PBXGroup;
			children = (
				6562162C1B87283E003F69C3 /* MainViewController.swift */,
			);
			name = Controllers;
			sourceTree = "<group>";
		};
		65D837A81B8749E600B6D7D3 /* Products */ = {
			isa = PBXGroup;
			children = (
				65D837AF1B8749E600B6D7D3 /* Nimble.framework */,
				65D837B11B8749E600B6D7D3 /* NimbleTests.xctest */,
				65D837B31B8749E600B6D7D3 /* Nimble.framework */,
				65D837B51B8749E600B6D7D3 /* NimbleTests.xctest */,
			);
			name = Products;
			sourceTree = "<group>";
		};
		65FAA8C31B87A56E000CC9D6 /* ViewModels */ = {
			isa = PBXGroup;
			children = (
			);
			name = ViewModels;
			sourceTree = "<group>";
		};
/* End PBXGroup section */

/* Begin PBXNativeTarget section */
		656216211B87283E003F69C3 /* SwiftReferenceApp */ = {
			isa = PBXNativeTarget;
			buildConfigurationList = 656216441B87283E003F69C3 /* Build configuration list for PBXNativeTarget "SwiftReferenceApp" */;
			buildPhases = (
				6562161E1B87283E003F69C3 /* Sources */,
				6562161F1B87283E003F69C3 /* Frameworks */,
				656216201B87283E003F69C3 /* Resources */,
				65C024CC1B873C8E0037E325 /* Embed Frameworks */,
			);
			buildRules = (
			);
			dependencies = (
				65E6E6C31BAF2D8A005140DA /* PBXTargetDependency */,
				653AC5671BAFFEE700250A7C /* PBXTargetDependency */,
			);
			name = SwiftReferenceApp;
			productName = SwiftReferenceApp;
			productReference = 656216221B87283E003F69C3 /* SwiftReferenceApp.app */;
			productType = "com.apple.product-type.application";
		};
		656216391B87283E003F69C3 /* SwiftReferenceAppTests */ = {
			isa = PBXNativeTarget;
			buildConfigurationList = 656216471B87283E003F69C3 /* Build configuration list for PBXNativeTarget "SwiftReferenceAppTests" */;
			buildPhases = (
				656216361B87283E003F69C3 /* Sources */,
				656216371B87283E003F69C3 /* Frameworks */,
				656216381B87283E003F69C3 /* Resources */,
			);
			buildRules = (
			);
			dependencies = (
				6562163C1B87283E003F69C3 /* PBXTargetDependency */,
			);
			name = SwiftReferenceAppTests;
			productName = SwiftReferenceAppTests;
			productReference = 6562163A1B87283E003F69C3 /* SwiftReferenceAppTests.xctest */;
			productType = "com.apple.product-type.bundle.unit-test";
		};
/* End PBXNativeTarget section */

/* Begin PBXProject section */
		6562161A1B87283E003F69C3 /* Project object */ = {
			isa = PBXProject;
			attributes = {
				LastSwiftUpdateCheck = 0700;
				LastUpgradeCheck = 0640;
				ORGANIZATIONNAME = StoryShare;
				TargetAttributes = {
					656216211B87283E003F69C3 = {
						CreatedOnToolsVersion = 6.4;
					};
					656216391B87283E003F69C3 = {
						CreatedOnToolsVersion = 6.4;
						TestTargetID = 656216211B87283E003F69C3;
					};
				};
			};
			buildConfigurationList = 6562161D1B87283E003F69C3 /* Build configuration list for PBXProject "SwiftReferenceApp" */;
			compatibilityVersion = "Xcode 3.2";
			developmentRegion = English;
			hasScannedForEncodings = 0;
			knownRegions = (
				en,
				Base,
			);
			mainGroup = 656216191B87283E003F69C3;
			productRefGroup = 656216231B87283E003F69C3 /* Products */;
			projectDirPath = "";
			projectReferences = (
				{
					ProductGroup = 65D837A81B8749E600B6D7D3 /* Products */;
					ProjectRef = 65D837A71B8749E600B6D7D3 /* Nimble.xcodeproj */;
				},
				{
					ProductGroup = 657B2CA11B873B39001F6BC2 /* Products */;
					ProjectRef = 657B2CA01B873B39001F6BC2 /* Quick.xcodeproj */;
				},
				{
					ProductGroup = 6580CFC61B98BFDE00488DBB /* Products */;
					ProjectRef = 657B2C761B873AEB001F6BC2 /* Rx.xcodeproj */;
				},
				{
					ProductGroup = 653AC5521BAFFE2D00250A7C /* Products */;
					ProjectRef = 653AC5511BAFFE2D00250A7C /* SwiftParse.xcodeproj */;
				},
				{
					ProductGroup = 657B2C681B873AD1001F6BC2 /* Products */;
					ProjectRef = 657B2C671B873AD1001F6BC2 /* SwiftTask.xcodeproj */;
				},
				{
					ProductGroup = 657B2C591B873AB6001F6BC2 /* Products */;
					ProjectRef = 657B2C581B873AB6001F6BC2 /* SwiftyStateMachine.xcodeproj */;
				},
				{
					ProductGroup = 658049A91B9816C0001E7F21 /* Products */;
					ProjectRef = 658049A81B9816C0001E7F21 /* Swiftz.xcodeproj */;
				},
			);
			projectRoot = "";
			targets = (
				656216211B87283E003F69C3 /* SwiftReferenceApp */,
				656216391B87283E003F69C3 /* SwiftReferenceAppTests */,
			);
		};
/* End PBXProject section */

/* Begin PBXReferenceProxy section */
		653AC55D1BAFFE2D00250A7C /* SwiftParse.framework */ = {
			isa = PBXReferenceProxy;
			fileType = wrapper.framework;
			path = SwiftParse.framework;
			remoteRef = 653AC55C1BAFFE2D00250A7C /* PBXContainerItemProxy */;
			sourceTree = BUILT_PRODUCTS_DIR;
		};
		653AC55F1BAFFE2D00250A7C /* SwiftParse-iOSTests.xctest */ = {
			isa = PBXReferenceProxy;
			fileType = wrapper.cfbundle;
			path = "SwiftParse-iOSTests.xctest";
			remoteRef = 653AC55E1BAFFE2D00250A7C /* PBXContainerItemProxy */;
			sourceTree = BUILT_PRODUCTS_DIR;
		};
		653AC5611BAFFE2D00250A7C /* SwiftParse.framework */ = {
			isa = PBXReferenceProxy;
			fileType = wrapper.framework;
			path = SwiftParse.framework;
			remoteRef = 653AC5601BAFFE2D00250A7C /* PBXContainerItemProxy */;
			sourceTree = BUILT_PRODUCTS_DIR;
		};
		653AC5631BAFFE2D00250A7C /* SwiftParse-OSXTests.xctest */ = {
			isa = PBXReferenceProxy;
			fileType = wrapper.cfbundle;
			path = "SwiftParse-OSXTests.xctest";
			remoteRef = 653AC5621BAFFE2D00250A7C /* PBXContainerItemProxy */;
			sourceTree = BUILT_PRODUCTS_DIR;
		};
		657B2C601B873AB6001F6BC2 /* SwiftyStateMachine.framework */ = {
			isa = PBXReferenceProxy;
			fileType = wrapper.framework;
			path = SwiftyStateMachine.framework;
			remoteRef = 657B2C5F1B873AB6001F6BC2 /* PBXContainerItemProxy */;
			sourceTree = BUILT_PRODUCTS_DIR;
		};
		657B2C621B873AB6001F6BC2 /* SwiftyStateMachineTests.xctest */ = {
			isa = PBXReferenceProxy;
			fileType = wrapper.cfbundle;
			path = SwiftyStateMachineTests.xctest;
			remoteRef = 657B2C611B873AB6001F6BC2 /* PBXContainerItemProxy */;
			sourceTree = BUILT_PRODUCTS_DIR;
		};
		657B2C641B873AB6001F6BC2 /* SwiftyStateMachine.framework */ = {
			isa = PBXReferenceProxy;
			fileType = wrapper.framework;
			path = SwiftyStateMachine.framework;
			remoteRef = 657B2C631B873AB6001F6BC2 /* PBXContainerItemProxy */;
			sourceTree = BUILT_PRODUCTS_DIR;
		};
		657B2C661B873AB6001F6BC2 /* SwiftyStateMachineTests.xctest */ = {
			isa = PBXReferenceProxy;
			fileType = wrapper.cfbundle;
			path = SwiftyStateMachineTests.xctest;
			remoteRef = 657B2C651B873AB6001F6BC2 /* PBXContainerItemProxy */;
			sourceTree = BUILT_PRODUCTS_DIR;
		};
		657B2C6F1B873AD1001F6BC2 /* SwiftTask.framework */ = {
			isa = PBXReferenceProxy;
			fileType = wrapper.framework;
			path = SwiftTask.framework;
			remoteRef = 657B2C6E1B873AD1001F6BC2 /* PBXContainerItemProxy */;
			sourceTree = BUILT_PRODUCTS_DIR;
		};
		657B2C711B873AD1001F6BC2 /* SwiftTask-OSXTests.xctest */ = {
			isa = PBXReferenceProxy;
			fileType = wrapper.cfbundle;
			path = "SwiftTask-OSXTests.xctest";
			remoteRef = 657B2C701B873AD1001F6BC2 /* PBXContainerItemProxy */;
			sourceTree = BUILT_PRODUCTS_DIR;
		};
		657B2C731B873AD1001F6BC2 /* SwiftTask.framework */ = {
			isa = PBXReferenceProxy;
			fileType = wrapper.framework;
			path = SwiftTask.framework;
			remoteRef = 657B2C721B873AD1001F6BC2 /* PBXContainerItemProxy */;
			sourceTree = BUILT_PRODUCTS_DIR;
		};
		657B2C751B873AD1001F6BC2 /* SwiftTask-iOSTests.xctest */ = {
			isa = PBXReferenceProxy;
			fileType = wrapper.cfbundle;
			path = "SwiftTask-iOSTests.xctest";
			remoteRef = 657B2C741B873AD1001F6BC2 /* PBXContainerItemProxy */;
			sourceTree = BUILT_PRODUCTS_DIR;
		};
		657B2CAA1B873B39001F6BC2 /* Quick.framework */ = {
			isa = PBXReferenceProxy;
			fileType = wrapper.framework;
			path = Quick.framework;
			remoteRef = 657B2CA91B873B39001F6BC2 /* PBXContainerItemProxy */;
			sourceTree = BUILT_PRODUCTS_DIR;
		};
		657B2CAC1B873B39001F6BC2 /* Quick-OSXTests.xctest */ = {
			isa = PBXReferenceProxy;
			fileType = wrapper.cfbundle;
			path = "Quick-OSXTests.xctest";
			remoteRef = 657B2CAB1B873B39001F6BC2 /* PBXContainerItemProxy */;
			sourceTree = BUILT_PRODUCTS_DIR;
		};
		657B2CAE1B873B39001F6BC2 /* QuickFocused-OSXTests.xctest */ = {
			isa = PBXReferenceProxy;
			fileType = wrapper.cfbundle;
			path = "QuickFocused-OSXTests.xctest";
			remoteRef = 657B2CAD1B873B39001F6BC2 /* PBXContainerItemProxy */;
			sourceTree = BUILT_PRODUCTS_DIR;
		};
		657B2CB01B873B39001F6BC2 /* Quick.framework */ = {
			isa = PBXReferenceProxy;
			fileType = wrapper.framework;
			path = Quick.framework;
			remoteRef = 657B2CAF1B873B39001F6BC2 /* PBXContainerItemProxy */;
			sourceTree = BUILT_PRODUCTS_DIR;
		};
		657B2CB21B873B39001F6BC2 /* Quick-iOSTests.xctest */ = {
			isa = PBXReferenceProxy;
			fileType = wrapper.cfbundle;
			path = "Quick-iOSTests.xctest";
			remoteRef = 657B2CB11B873B39001F6BC2 /* PBXContainerItemProxy */;
			sourceTree = BUILT_PRODUCTS_DIR;
		};
		657B2CB41B873B39001F6BC2 /* QuickFocused-iOSTests.xctest */ = {
			isa = PBXReferenceProxy;
			fileType = wrapper.cfbundle;
			path = "QuickFocused-iOSTests.xctest";
			remoteRef = 657B2CB31B873B39001F6BC2 /* PBXContainerItemProxy */;
			sourceTree = BUILT_PRODUCTS_DIR;
		};
		658049B11B9816C1001E7F21 /* Swiftz.framework */ = {
			isa = PBXReferenceProxy;
			fileType = wrapper.framework;
			path = Swiftz.framework;
			remoteRef = 658049B01B9816C1001E7F21 /* PBXContainerItemProxy */;
			sourceTree = BUILT_PRODUCTS_DIR;
		};
		658049B31B9816C1001E7F21 /* SwiftzTests.xctest */ = {
			isa = PBXReferenceProxy;
			fileType = wrapper.cfbundle;
			path = SwiftzTests.xctest;
			remoteRef = 658049B21B9816C1001E7F21 /* PBXContainerItemProxy */;
			sourceTree = BUILT_PRODUCTS_DIR;
		};
		658049B51B9816C1001E7F21 /* Swiftz.framework */ = {
			isa = PBXReferenceProxy;
			fileType = wrapper.framework;
			path = Swiftz.framework;
			remoteRef = 658049B41B9816C1001E7F21 /* PBXContainerItemProxy */;
			sourceTree = BUILT_PRODUCTS_DIR;
		};
		658049B71B9816C1001E7F21 /* Swiftz-iOSTests.xctest */ = {
			isa = PBXReferenceProxy;
			fileType = wrapper.cfbundle;
			path = "Swiftz-iOSTests.xctest";
			remoteRef = 658049B61B9816C1001E7F21 /* PBXContainerItemProxy */;
			sourceTree = BUILT_PRODUCTS_DIR;
		};
		6580CFCF1B98BFDE00488DBB /* RxSwift.framework */ = {
			isa = PBXReferenceProxy;
			fileType = wrapper.framework;
			path = RxSwift.framework;
			remoteRef = 6580CFCE1B98BFDE00488DBB /* PBXContainerItemProxy */;
			sourceTree = BUILT_PRODUCTS_DIR;
		};
		6580CFD11B98BFDE00488DBB /* RxSwift.framework */ = {
			isa = PBXReferenceProxy;
			fileType = wrapper.framework;
			path = RxSwift.framework;
			remoteRef = 6580CFD01B98BFDE00488DBB /* PBXContainerItemProxy */;
			sourceTree = BUILT_PRODUCTS_DIR;
		};
		6580CFD31B98BFDE00488DBB /* RxCocoa.framework */ = {
			isa = PBXReferenceProxy;
			fileType = wrapper.framework;
			path = RxCocoa.framework;
			remoteRef = 6580CFD21B98BFDE00488DBB /* PBXContainerItemProxy */;
			sourceTree = BUILT_PRODUCTS_DIR;
		};
		6580CFD51B98BFDE00488DBB /* RxCocoa.framework */ = {
			isa = PBXReferenceProxy;
			fileType = wrapper.framework;
			path = RxCocoa.framework;
			remoteRef = 6580CFD41B98BFDE00488DBB /* PBXContainerItemProxy */;
			sourceTree = BUILT_PRODUCTS_DIR;
		};
		6580CFD71B98BFDE00488DBB /* RxBlocking.framework */ = {
			isa = PBXReferenceProxy;
			fileType = wrapper.framework;
			path = RxBlocking.framework;
			remoteRef = 6580CFD61B98BFDE00488DBB /* PBXContainerItemProxy */;
			sourceTree = BUILT_PRODUCTS_DIR;
		};
		6580CFD91B98BFDE00488DBB /* RxBlocking.framework */ = {
			isa = PBXReferenceProxy;
			fileType = wrapper.framework;
			path = RxBlocking.framework;
			remoteRef = 6580CFD81B98BFDE00488DBB /* PBXContainerItemProxy */;
			sourceTree = BUILT_PRODUCTS_DIR;
		};
		65D837AF1B8749E600B6D7D3 /* Nimble.framework */ = {
			isa = PBXReferenceProxy;
			fileType = wrapper.framework;
			path = Nimble.framework;
			remoteRef = 65D837AE1B8749E600B6D7D3 /* PBXContainerItemProxy */;
			sourceTree = BUILT_PRODUCTS_DIR;
		};
		65D837B11B8749E600B6D7D3 /* NimbleTests.xctest */ = {
			isa = PBXReferenceProxy;
			fileType = wrapper.cfbundle;
			path = NimbleTests.xctest;
			remoteRef = 65D837B01B8749E600B6D7D3 /* PBXContainerItemProxy */;
			sourceTree = BUILT_PRODUCTS_DIR;
		};
		65D837B31B8749E600B6D7D3 /* Nimble.framework */ = {
			isa = PBXReferenceProxy;
			fileType = wrapper.framework;
			path = Nimble.framework;
			remoteRef = 65D837B21B8749E600B6D7D3 /* PBXContainerItemProxy */;
			sourceTree = BUILT_PRODUCTS_DIR;
		};
		65D837B51B8749E600B6D7D3 /* NimbleTests.xctest */ = {
			isa = PBXReferenceProxy;
			fileType = wrapper.cfbundle;
			path = NimbleTests.xctest;
			remoteRef = 65D837B41B8749E600B6D7D3 /* PBXContainerItemProxy */;
			sourceTree = BUILT_PRODUCTS_DIR;
		};
/* End PBXReferenceProxy section */

/* Begin PBXResourcesBuildPhase section */
		656216201B87283E003F69C3 /* Resources */ = {
			isa = PBXResourcesBuildPhase;
			buildActionMask = 2147483647;
			files = (
				656216301B87283E003F69C3 /* Main.storyboard in Resources */,
				6562F47F1BAEBE2C00906AE5 /* .gitignore in Resources */,
				656216351B87283E003F69C3 /* LaunchScreen.xib in Resources */,
				6562F4811BAEBE2C00906AE5 /* .travis.yml in Resources */,
				6562F4821BAEBE2C00906AE5 /* LICENSE in Resources */,
				656216321B87283E003F69C3 /* Images.xcassets in Resources */,
				6562164D1B872B03003F69C3 /* ApplicationSchema.png in Resources */,
				65FAA8C01B879FE0000CC9D6 /* ApplicationSchema.svg in Resources */,
				6562F4801BAEBE2C00906AE5 /* .gitmodules in Resources */,
				6562164B1B87293D003F69C3 /* ApplicationSchema.dot in Resources */,
			);
			runOnlyForDeploymentPostprocessing = 0;
		};
		656216381B87283E003F69C3 /* Resources */ = {
			isa = PBXResourcesBuildPhase;
			buildActionMask = 2147483647;
			files = (
			);
			runOnlyForDeploymentPostprocessing = 0;
		};
/* End PBXResourcesBuildPhase section */

/* Begin PBXSourcesBuildPhase section */
		6562161E1B87283E003F69C3 /* Sources */ = {
			isa = PBXSourcesBuildPhase;
			buildActionMask = 2147483647;
			files = (
				65FAA8BE1B877629000CC9D6 /* Global.swift in Sources */,
				654F9F951B8759B60042F370 /* User.swift in Sources */,
				6562162D1B87283E003F69C3 /* MainViewController.swift in Sources */,
				65FAA8C71B87B606000CC9D6 /* User+Schema.swift in Sources */,
				65B23AE31B8B306E0049D2DF /* App+Tasks.swift in Sources */,
				656216281B87283E003F69C3 /* AppDelegate.swift in Sources */,
				65FAA8BA1B8767B6000CC9D6 /* App+Extension.swift in Sources */,
				65FAA8B91B876789000CC9D6 /* App.swift in Sources */,
				65FAA8C51B87B52D000CC9D6 /* App+Schema.swift in Sources */,
				6562F83C1BAEBE2C00906AE5 /* README.md in Sources */,
				65FAA8BC1B877300000CC9D6 /* User+Extension.swift in Sources */,
				6562162B1B87283E003F69C3 /* SwiftReferenceApp.xcdatamodeld in Sources */,
				65B23AFB1B8B31870049D2DF /* App+Metadata.swift in Sources */,
			);
			runOnlyForDeploymentPostprocessing = 0;
		};
		656216361B87283E003F69C3 /* Sources */ = {
			isa = PBXSourcesBuildPhase;
			buildActionMask = 2147483647;
			files = (
				65185A0E1B89C309001F85D5 /* StateMachineSpecs.swift in Sources */,
				65B1BF001B8CB2440064FF47 /* Test+Extensions.swift in Sources */,
				656216411B87283E003F69C3 /* SwiftReferenceAppSpecs.swift in Sources */,
				65FE069F1B8DD9DF0095295E /* SimpleAsyncSpec.swift in Sources */,
			);
			runOnlyForDeploymentPostprocessing = 0;
		};
/* End PBXSourcesBuildPhase section */

/* Begin PBXTargetDependency section */
		653AC5671BAFFEE700250A7C /* PBXTargetDependency */ = {
			isa = PBXTargetDependency;
			name = "SwiftParse-iOS";
			targetProxy = 653AC5661BAFFEE700250A7C /* PBXContainerItemProxy */;
		};
		6562163C1B87283E003F69C3 /* PBXTargetDependency */ = {
			isa = PBXTargetDependency;
			target = 656216211B87283E003F69C3 /* SwiftReferenceApp */;
			targetProxy = 6562163B1B87283E003F69C3 /* PBXContainerItemProxy */;
		};
		65E6E6C31BAF2D8A005140DA /* PBXTargetDependency */ = {
			isa = PBXTargetDependency;
			name = "RxCocoa-iOS";
			targetProxy = 65E6E6C21BAF2D8A005140DA /* PBXContainerItemProxy */;
		};
/* End PBXTargetDependency section */

/* Begin PBXVariantGroup section */
		6562162E1B87283E003F69C3 /* Main.storyboard */ = {
			isa = PBXVariantGroup;
			children = (
				6562162F1B87283E003F69C3 /* Base */,
			);
			name = Main.storyboard;
			sourceTree = "<group>";
		};
		656216331B87283E003F69C3 /* LaunchScreen.xib */ = {
			isa = PBXVariantGroup;
			children = (
				656216341B87283E003F69C3 /* Base */,
			);
			name = LaunchScreen.xib;
			sourceTree = "<group>";
		};
/* End PBXVariantGroup section */

/* Begin XCBuildConfiguration section */
		656216421B87283E003F69C3 /* Debug */ = {
			isa = XCBuildConfiguration;
			buildSettings = {
				ALWAYS_SEARCH_USER_PATHS = NO;
				CLANG_CXX_LANGUAGE_STANDARD = "gnu++0x";
				CLANG_CXX_LIBRARY = "libc++";
				CLANG_ENABLE_MODULES = YES;
				CLANG_ENABLE_OBJC_ARC = YES;
				CLANG_WARN_BOOL_CONVERSION = YES;
				CLANG_WARN_CONSTANT_CONVERSION = YES;
				CLANG_WARN_DIRECT_OBJC_ISA_USAGE = YES_ERROR;
				CLANG_WARN_EMPTY_BODY = YES;
				CLANG_WARN_ENUM_CONVERSION = YES;
				CLANG_WARN_INT_CONVERSION = YES;
				CLANG_WARN_OBJC_ROOT_CLASS = YES_ERROR;
				CLANG_WARN_UNREACHABLE_CODE = YES;
				CLANG_WARN__DUPLICATE_METHOD_MATCH = YES;
				"CODE_SIGN_IDENTITY[sdk=iphoneos*]" = "iPhone Developer";
				COPY_PHASE_STRIP = NO;
				DEBUG_INFORMATION_FORMAT = "dwarf-with-dsym";
				ENABLE_STRICT_OBJC_MSGSEND = YES;
				ENABLE_TESTABILITY = YES;
				GCC_C_LANGUAGE_STANDARD = gnu99;
				GCC_DYNAMIC_NO_PIC = NO;
				GCC_NO_COMMON_BLOCKS = YES;
				GCC_OPTIMIZATION_LEVEL = 0;
				GCC_PREPROCESSOR_DEFINITIONS = (
					"DEBUG=1",
					"$(inherited)",
				);
				GCC_SYMBOLS_PRIVATE_EXTERN = NO;
				GCC_WARN_64_TO_32_BIT_CONVERSION = YES;
				GCC_WARN_ABOUT_RETURN_TYPE = YES_ERROR;
				GCC_WARN_UNDECLARED_SELECTOR = YES;
				GCC_WARN_UNINITIALIZED_AUTOS = YES_AGGRESSIVE;
				GCC_WARN_UNUSED_FUNCTION = YES;
				GCC_WARN_UNUSED_VARIABLE = YES;
				IPHONEOS_DEPLOYMENT_TARGET = 8.4;
				MTL_ENABLE_DEBUG_INFO = YES;
				ONLY_ACTIVE_ARCH = YES;
				SDKROOT = iphoneos;
				SWIFT_OPTIMIZATION_LEVEL = "-Onone";
				TARGETED_DEVICE_FAMILY = "1,2";
			};
			name = Debug;
		};
		656216431B87283E003F69C3 /* Release */ = {
			isa = XCBuildConfiguration;
			buildSettings = {
				ALWAYS_SEARCH_USER_PATHS = NO;
				CLANG_CXX_LANGUAGE_STANDARD = "gnu++0x";
				CLANG_CXX_LIBRARY = "libc++";
				CLANG_ENABLE_MODULES = YES;
				CLANG_ENABLE_OBJC_ARC = YES;
				CLANG_WARN_BOOL_CONVERSION = YES;
				CLANG_WARN_CONSTANT_CONVERSION = YES;
				CLANG_WARN_DIRECT_OBJC_ISA_USAGE = YES_ERROR;
				CLANG_WARN_EMPTY_BODY = YES;
				CLANG_WARN_ENUM_CONVERSION = YES;
				CLANG_WARN_INT_CONVERSION = YES;
				CLANG_WARN_OBJC_ROOT_CLASS = YES_ERROR;
				CLANG_WARN_UNREACHABLE_CODE = YES;
				CLANG_WARN__DUPLICATE_METHOD_MATCH = YES;
				"CODE_SIGN_IDENTITY[sdk=iphoneos*]" = "iPhone Developer";
				COPY_PHASE_STRIP = NO;
				DEBUG_INFORMATION_FORMAT = "dwarf-with-dsym";
				ENABLE_NS_ASSERTIONS = NO;
				ENABLE_STRICT_OBJC_MSGSEND = YES;
				ENABLE_TESTABILITY = YES;
				GCC_C_LANGUAGE_STANDARD = gnu99;
				GCC_NO_COMMON_BLOCKS = YES;
				GCC_WARN_64_TO_32_BIT_CONVERSION = YES;
				GCC_WARN_ABOUT_RETURN_TYPE = YES_ERROR;
				GCC_WARN_UNDECLARED_SELECTOR = YES;
				GCC_WARN_UNINITIALIZED_AUTOS = YES_AGGRESSIVE;
				GCC_WARN_UNUSED_FUNCTION = YES;
				GCC_WARN_UNUSED_VARIABLE = YES;
				IPHONEOS_DEPLOYMENT_TARGET = 8.4;
				MTL_ENABLE_DEBUG_INFO = NO;
				SDKROOT = iphoneos;
				TARGETED_DEVICE_FAMILY = "1,2";
				VALIDATE_PRODUCT = YES;
			};
			name = Release;
		};
		656216451B87283E003F69C3 /* Debug */ = {
			isa = XCBuildConfiguration;
			buildSettings = {
				ASSETCATALOG_COMPILER_APPICON_NAME = AppIcon;
				DEFINES_MODULE = YES;
				EMBEDDED_CONTENT_CONTAINS_SWIFT = YES;
				INFOPLIST_FILE = SwiftReferenceApp/Info.plist;
				LD_RUNPATH_SEARCH_PATHS = "$(inherited) @executable_path/Frameworks";
				PRODUCT_NAME = "$(TARGET_NAME)";
			};
			name = Debug;
		};
		656216461B87283E003F69C3 /* Release */ = {
			isa = XCBuildConfiguration;
			buildSettings = {
				ASSETCATALOG_COMPILER_APPICON_NAME = AppIcon;
				DEFINES_MODULE = YES;
				EMBEDDED_CONTENT_CONTAINS_SWIFT = YES;
				INFOPLIST_FILE = SwiftReferenceApp/Info.plist;
				LD_RUNPATH_SEARCH_PATHS = "$(inherited) @executable_path/Frameworks";
				PRODUCT_NAME = "$(TARGET_NAME)";
			};
			name = Release;
		};
		656216481B87283E003F69C3 /* Debug */ = {
			isa = XCBuildConfiguration;
			buildSettings = {
				BUNDLE_LOADER = "$(TEST_HOST)";
				FRAMEWORK_SEARCH_PATHS = (
					"$(SDKROOT)/Developer/Library/Frameworks",
					"$(inherited)",
				);
				GCC_PREPROCESSOR_DEFINITIONS = (
					"DEBUG=1",
					"$(inherited)",
				);
				INFOPLIST_FILE = SwiftReferenceAppTests/Info.plist;
				LD_RUNPATH_SEARCH_PATHS = "$(inherited) @executable_path/Frameworks @loader_path/Frameworks";
				PRODUCT_NAME = "$(TARGET_NAME)";
				TEST_HOST = "$(BUILT_PRODUCTS_DIR)/SwiftReferenceApp.app/SwiftReferenceApp";
			};
			name = Debug;
		};
		656216491B87283E003F69C3 /* Release */ = {
			isa = XCBuildConfiguration;
			buildSettings = {
				BUNDLE_LOADER = "$(TEST_HOST)";
				FRAMEWORK_SEARCH_PATHS = (
					"$(SDKROOT)/Developer/Library/Frameworks",
					"$(inherited)",
				);
				INFOPLIST_FILE = SwiftReferenceAppTests/Info.plist;
				LD_RUNPATH_SEARCH_PATHS = "$(inherited) @executable_path/Frameworks @loader_path/Frameworks";
				PRODUCT_NAME = "$(TARGET_NAME)";
				TEST_HOST = "$(BUILT_PRODUCTS_DIR)/SwiftReferenceApp.app/SwiftReferenceApp";
			};
			name = Release;
		};
/* End XCBuildConfiguration section */

/* Begin XCConfigurationList section */
		6562161D1B87283E003F69C3 /* Build configuration list for PBXProject "SwiftReferenceApp" */ = {
			isa = XCConfigurationList;
			buildConfigurations = (
				656216421B87283E003F69C3 /* Debug */,
				656216431B87283E003F69C3 /* Release */,
			);
			defaultConfigurationIsVisible = 0;
			defaultConfigurationName = Release;
		};
		656216441B87283E003F69C3 /* Build configuration list for PBXNativeTarget "SwiftReferenceApp" */ = {
			isa = XCConfigurationList;
			buildConfigurations = (
				656216451B87283E003F69C3 /* Debug */,
				656216461B87283E003F69C3 /* Release */,
			);
			defaultConfigurationIsVisible = 0;
			defaultConfigurationName = Release;
		};
		656216471B87283E003F69C3 /* Build configuration list for PBXNativeTarget "SwiftReferenceAppTests" */ = {
			isa = XCConfigurationList;
			buildConfigurations = (
				656216481B87283E003F69C3 /* Debug */,
				656216491B87283E003F69C3 /* Release */,
			);
			defaultConfigurationIsVisible = 0;
			defaultConfigurationName = Release;
		};
/* End XCConfigurationList section */

/* Begin XCVersionGroup section */
		656216291B87283E003F69C3 /* SwiftReferenceApp.xcdatamodeld */ = {
			isa = XCVersionGroup;
			children = (
				6562162A1B87283E003F69C3 /* SwiftReferenceApp.xcdatamodel */,
			);
			currentVersion = 6562162A1B87283E003F69C3 /* SwiftReferenceApp.xcdatamodel */;
			path = SwiftReferenceApp.xcdatamodeld;
			sourceTree = "<group>";
			versionGroupType = wrapper.xcdatamodel;
		};
/* End XCVersionGroup section */
	};
	rootObject = 6562161A1B87283E003F69C3 /* Project object */;
}
