// !$*UTF8*$!
{
	archiveVersion = 1;
	classes = {
	};
	objectVersion = 46;
	objects = {

/* Begin PBXBuildFile section */
		65185A0E1B89C309001F85D5 /* StateMachineSpecs.swift in Sources */ = {isa = PBXBuildFile; fileRef = 65185A0D1B89C309001F85D5 /* StateMachineSpecs.swift */; };
		654F9F951B8759B60042F370 /* User.swift in Sources */ = {isa = PBXBuildFile; fileRef = 654F9F941B8759B60042F370 /* User.swift */; };
		65541CE81B8B8CA100FECB63 /* RxBlocking.framework in Frameworks */ = {isa = PBXBuildFile; fileRef = 657B2C8E1B873B0E001F6BC2 /* RxBlocking.framework */; };
		656216281B87283E003F69C3 /* AppDelegate.swift in Sources */ = {isa = PBXBuildFile; fileRef = 656216271B87283E003F69C3 /* AppDelegate.swift */; };
		6562162B1B87283E003F69C3 /* SwiftReferenceApp.xcdatamodeld in Sources */ = {isa = PBXBuildFile; fileRef = 656216291B87283E003F69C3 /* SwiftReferenceApp.xcdatamodeld */; };
		6562162D1B87283E003F69C3 /* MainViewController.swift in Sources */ = {isa = PBXBuildFile; fileRef = 6562162C1B87283E003F69C3 /* MainViewController.swift */; };
		656216301B87283E003F69C3 /* Main.storyboard in Resources */ = {isa = PBXBuildFile; fileRef = 6562162E1B87283E003F69C3 /* Main.storyboard */; };
		656216321B87283E003F69C3 /* Images.xcassets in Resources */ = {isa = PBXBuildFile; fileRef = 656216311B87283E003F69C3 /* Images.xcassets */; };
		656216351B87283E003F69C3 /* LaunchScreen.xib in Resources */ = {isa = PBXBuildFile; fileRef = 656216331B87283E003F69C3 /* LaunchScreen.xib */; };
		656216411B87283E003F69C3 /* SwiftReferenceAppSpecs.swift in Sources */ = {isa = PBXBuildFile; fileRef = 656216401B87283E003F69C3 /* SwiftReferenceAppSpecs.swift */; };
		6562164B1B87293D003F69C3 /* ApplicationSchema.dot in Resources */ = {isa = PBXBuildFile; fileRef = 6562164A1B87293D003F69C3 /* ApplicationSchema.dot */; };
		6562164D1B872B03003F69C3 /* ApplicationSchema.png in Resources */ = {isa = PBXBuildFile; fileRef = 6562164C1B872B03003F69C3 /* ApplicationSchema.png */; };
		65B1BF001B8CB2440064FF47 /* Test+Extensions.swift in Sources */ = {isa = PBXBuildFile; fileRef = 65B1BEFF1B8CB2440064FF47 /* Test+Extensions.swift */; };
		65B23AE31B8B306E0049D2DF /* App+Tasks.swift in Sources */ = {isa = PBXBuildFile; fileRef = 65B23AE21B8B306E0049D2DF /* App+Tasks.swift */; };
		65B23AFB1B8B31870049D2DF /* App+Metadata.swift in Sources */ = {isa = PBXBuildFile; fileRef = 65B23AFA1B8B31870049D2DF /* App+Metadata.swift */; };
		65C024CD1B873C9A0037E325 /* SwiftyStateMachine.framework in Frameworks */ = {isa = PBXBuildFile; fileRef = 657B2C601B873AB6001F6BC2 /* SwiftyStateMachine.framework */; };
		65C024CE1B873C9A0037E325 /* SwiftyStateMachine.framework in Embed Frameworks */ = {isa = PBXBuildFile; fileRef = 657B2C601B873AB6001F6BC2 /* SwiftyStateMachine.framework */; settings = {ATTRIBUTES = (CodeSignOnCopy, RemoveHeadersOnCopy, ); }; };
		65D6BFE31B8752A400FF7EAE /* Quick.framework in Frameworks */ = {isa = PBXBuildFile; fileRef = 657B2CB01B873B39001F6BC2 /* Quick.framework */; };
		65D6BFE41B8752AB00FF7EAE /* Nimble.framework in Frameworks */ = {isa = PBXBuildFile; fileRef = 65D837AF1B8749E600B6D7D3 /* Nimble.framework */; };
		65D837BA1B874AAD00B6D7D3 /* SwiftTask.framework in Frameworks */ = {isa = PBXBuildFile; fileRef = 657B2C731B873AD1001F6BC2 /* SwiftTask.framework */; };
		65D837BB1B874AAD00B6D7D3 /* SwiftTask.framework in Embed Frameworks */ = {isa = PBXBuildFile; fileRef = 657B2C731B873AD1001F6BC2 /* SwiftTask.framework */; settings = {ATTRIBUTES = (CodeSignOnCopy, RemoveHeadersOnCopy, ); }; };
		65D837BE1B874AE200B6D7D3 /* RxSwift.framework in Frameworks */ = {isa = PBXBuildFile; fileRef = 657B2C7C1B873AEB001F6BC2 /* RxSwift.framework */; };
		65D837BF1B874AE200B6D7D3 /* RxSwift.framework in Embed Frameworks */ = {isa = PBXBuildFile; fileRef = 657B2C7C1B873AEB001F6BC2 /* RxSwift.framework */; settings = {ATTRIBUTES = (CodeSignOnCopy, RemoveHeadersOnCopy, ); }; };
		65D837CA1B874B4600B6D7D3 /* RxCocoa.framework in Frameworks */ = {isa = PBXBuildFile; fileRef = 657B2C851B873AFC001F6BC2 /* RxCocoa.framework */; };
		65D837CB1B874B4600B6D7D3 /* RxCocoa.framework in Embed Frameworks */ = {isa = PBXBuildFile; fileRef = 657B2C851B873AFC001F6BC2 /* RxCocoa.framework */; settings = {ATTRIBUTES = (CodeSignOnCopy, RemoveHeadersOnCopy, ); }; };
		65FAA8B91B876789000CC9D6 /* App.swift in Sources */ = {isa = PBXBuildFile; fileRef = 654F9FC21B875A5D0042F370 /* App.swift */; };
		65FAA8BA1B8767B6000CC9D6 /* App+Extension.swift in Sources */ = {isa = PBXBuildFile; fileRef = 654F9FC41B8765A30042F370 /* App+Extension.swift */; };
		65FAA8BC1B877300000CC9D6 /* User+Extension.swift in Sources */ = {isa = PBXBuildFile; fileRef = 65FAA8BB1B877300000CC9D6 /* User+Extension.swift */; };
		65FAA8BE1B877629000CC9D6 /* Global.swift in Sources */ = {isa = PBXBuildFile; fileRef = 65FAA8BD1B877629000CC9D6 /* Global.swift */; };
		65FAA8C01B879FE0000CC9D6 /* ApplicationSchema.svg in Resources */ = {isa = PBXBuildFile; fileRef = 65FAA8BF1B879FE0000CC9D6 /* ApplicationSchema.svg */; };
		65FAA8C21B87A002000CC9D6 /* README.md in Sources */ = {isa = PBXBuildFile; fileRef = 65FAA8C11B87A002000CC9D6 /* README.md */; };
		65FAA8C51B87B52D000CC9D6 /* App+Schema.swift in Sources */ = {isa = PBXBuildFile; fileRef = 65FAA8C41B87B52D000CC9D6 /* App+Schema.swift */; };
		65FAA8C71B87B606000CC9D6 /* User+Schema.swift in Sources */ = {isa = PBXBuildFile; fileRef = 65FAA8C61B87B606000CC9D6 /* User+Schema.swift */; };
		65FE069F1B8DD9DF0095295E /* SimpleAsyncSpec.swift in Sources */ = {isa = PBXBuildFile; fileRef = 65FE069E1B8DD9DF0095295E /* SimpleAsyncSpec.swift */; };
/* End PBXBuildFile section */

/* Begin PBXContainerItemProxy section */
		6562163B1B87283E003F69C3 /* PBXContainerItemProxy */ = {
			isa = PBXContainerItemProxy;
			containerPortal = 6562161A1B87283E003F69C3 /* Project object */;
			proxyType = 1;
			remoteGlobalIDString = 656216211B87283E003F69C3;
			remoteInfo = SwiftReferenceApp;
		};
		657B2C5F1B873AB6001F6BC2 /* PBXContainerItemProxy */ = {
			isa = PBXContainerItemProxy;
			containerPortal = 657B2C581B873AB6001F6BC2 /* SwiftyStateMachine.xcodeproj */;
			proxyType = 2;
			remoteGlobalIDString = CB4D56991AC169A3006715E8;
			remoteInfo = "SwiftyStateMachine-iOS";
		};
		657B2C611B873AB6001F6BC2 /* PBXContainerItemProxy */ = {
			isa = PBXContainerItemProxy;
			containerPortal = 657B2C581B873AB6001F6BC2 /* SwiftyStateMachine.xcodeproj */;
			proxyType = 2;
			remoteGlobalIDString = CB4D56A41AC169A3006715E8;
			remoteInfo = "SwiftyStateMachine-iOS Tests";
		};
		657B2C631B873AB6001F6BC2 /* PBXContainerItemProxy */ = {
			isa = PBXContainerItemProxy;
			containerPortal = 657B2C581B873AB6001F6BC2 /* SwiftyStateMachine.xcodeproj */;
			proxyType = 2;
			remoteGlobalIDString = CBE36D091AC44BA000CFE10F;
			remoteInfo = "SwiftyStateMachine-iOS";
		};
		657B2C651B873AB6001F6BC2 /* PBXContainerItemProxy */ = {
			isa = PBXContainerItemProxy;
			containerPortal = 657B2C581B873AB6001F6BC2 /* SwiftyStateMachine.xcodeproj */;
			proxyType = 2;
			remoteGlobalIDString = CBE36D131AC44BA000CFE10F;
			remoteInfo = "SwiftyStateMachine-iOS Tests";
		};
		657B2C6E1B873AD1001F6BC2 /* PBXContainerItemProxy */ = {
			isa = PBXContainerItemProxy;
			containerPortal = 657B2C671B873AD1001F6BC2 /* SwiftTask.xcodeproj */;
			proxyType = 2;
			remoteGlobalIDString = 1F46DED4199EDF1000F97868;
			remoteInfo = "SwiftTask-OSX";
		};
		657B2C701B873AD1001F6BC2 /* PBXContainerItemProxy */ = {
			isa = PBXContainerItemProxy;
			containerPortal = 657B2C671B873AD1001F6BC2 /* SwiftTask.xcodeproj */;
			proxyType = 2;
			remoteGlobalIDString = 1F46DEDF199EDF1000F97868;
			remoteInfo = "SwiftTask-OSXTests";
		};
		657B2C721B873AD1001F6BC2 /* PBXContainerItemProxy */ = {
			isa = PBXContainerItemProxy;
			containerPortal = 657B2C671B873AD1001F6BC2 /* SwiftTask.xcodeproj */;
			proxyType = 2;
			remoteGlobalIDString = 48CD5A0C19AEE3570042B9F1;
			remoteInfo = "SwiftTask-iOS";
		};
		657B2C741B873AD1001F6BC2 /* PBXContainerItemProxy */ = {
			isa = PBXContainerItemProxy;
			containerPortal = 657B2C671B873AD1001F6BC2 /* SwiftTask.xcodeproj */;
			proxyType = 2;
			remoteGlobalIDString = 4822F0D019D00ABF00F5F572;
			remoteInfo = "SwiftTask-iOSTests";
		};
		657B2C7B1B873AEB001F6BC2 /* PBXContainerItemProxy */ = {
			isa = PBXContainerItemProxy;
			containerPortal = 657B2C761B873AEB001F6BC2 /* RxSwift.xcodeproj */;
			proxyType = 2;
			remoteGlobalIDString = C8A56AD71AD7424700B4673B;
			remoteInfo = "RxSwift-iOS";
		};
		657B2C7D1B873AEB001F6BC2 /* PBXContainerItemProxy */ = {
			isa = PBXContainerItemProxy;
			containerPortal = 657B2C761B873AEB001F6BC2 /* RxSwift.xcodeproj */;
			proxyType = 2;
			remoteGlobalIDString = C88BB8711B07E5ED0064D411;
			remoteInfo = "RxSwift-OSX";
		};
		657B2C841B873AFC001F6BC2 /* PBXContainerItemProxy */ = {
			isa = PBXContainerItemProxy;
			containerPortal = 657B2C7F1B873AFC001F6BC2 /* RxCocoa.xcodeproj */;
			proxyType = 2;
			remoteGlobalIDString = C81553DE1A98AB4A00C63152;
			remoteInfo = "RxCocoa-iOS";
		};
		657B2C861B873AFC001F6BC2 /* PBXContainerItemProxy */ = {
			isa = PBXContainerItemProxy;
			containerPortal = 657B2C7F1B873AFC001F6BC2 /* RxCocoa.xcodeproj */;
			proxyType = 2;
			remoteGlobalIDString = C88BB88D1B07E6130064D411;
			remoteInfo = "RxCocoa-OSX";
		};
		657B2C8D1B873B0E001F6BC2 /* PBXContainerItemProxy */ = {
			isa = PBXContainerItemProxy;
			containerPortal = 657B2C881B873B0E001F6BC2 /* RxBlocking.xcodeproj */;
			proxyType = 2;
			remoteGlobalIDString = C8CDD7961B52ADC00043F0C5;
			remoteInfo = "RxBlocking-iOS";
		};
		657B2C8F1B873B0E001F6BC2 /* PBXContainerItemProxy */ = {
			isa = PBXContainerItemProxy;
			containerPortal = 657B2C881B873B0E001F6BC2 /* RxBlocking.xcodeproj */;
			proxyType = 2;
			remoteGlobalIDString = C8CDD7C41B52AF290043F0C5;
			remoteInfo = "RxBlocking-OSX";
		};
		657B2C981B873B23001F6BC2 /* PBXContainerItemProxy */ = {
			isa = PBXContainerItemProxy;
			containerPortal = 657B2C911B873B23001F6BC2 /* Madness.xcodeproj */;
			proxyType = 2;
			remoteGlobalIDString = D4FC47B11A37E47C00D23A6F;
			remoteInfo = "Madness-iOS";
		};
		657B2C9A1B873B23001F6BC2 /* PBXContainerItemProxy */ = {
			isa = PBXContainerItemProxy;
			containerPortal = 657B2C911B873B23001F6BC2 /* Madness.xcodeproj */;
			proxyType = 2;
			remoteGlobalIDString = D4FC47BC1A37E47C00D23A6F;
			remoteInfo = "Madness-iOSTests";
		};
		657B2C9C1B873B23001F6BC2 /* PBXContainerItemProxy */ = {
			isa = PBXContainerItemProxy;
			containerPortal = 657B2C911B873B23001F6BC2 /* Madness.xcodeproj */;
			proxyType = 2;
			remoteGlobalIDString = D4BC5DF71A98C8B4008C6851;
			remoteInfo = "Madness-iOS";
		};
		657B2C9E1B873B23001F6BC2 /* PBXContainerItemProxy */ = {
			isa = PBXContainerItemProxy;
			containerPortal = 657B2C911B873B23001F6BC2 /* Madness.xcodeproj */;
			proxyType = 2;
			remoteGlobalIDString = D4BC5E011A98C8B4008C6851;
			remoteInfo = "Madness-iOSTests";
		};
		657B2CA91B873B39001F6BC2 /* PBXContainerItemProxy */ = {
			isa = PBXContainerItemProxy;
			containerPortal = 657B2CA01B873B39001F6BC2 /* Quick.xcodeproj */;
			proxyType = 2;
			remoteGlobalIDString = DAEB6B8E1943873100289F44;
			remoteInfo = "Quick-OSX";
		};
		657B2CAB1B873B39001F6BC2 /* PBXContainerItemProxy */ = {
			isa = PBXContainerItemProxy;
			containerPortal = 657B2CA01B873B39001F6BC2 /* Quick.xcodeproj */;
			proxyType = 2;
			remoteGlobalIDString = DAEB6B991943873100289F44;
			remoteInfo = "Quick-OSXTests";
		};
		657B2CAD1B873B39001F6BC2 /* PBXContainerItemProxy */ = {
			isa = PBXContainerItemProxy;
			containerPortal = 657B2CA01B873B39001F6BC2 /* Quick.xcodeproj */;
			proxyType = 2;
			remoteGlobalIDString = DA5663E81A4C8D8500193C88;
			remoteInfo = "QuickFocused-OSXTests";
		};
		657B2CAF1B873B39001F6BC2 /* PBXContainerItemProxy */ = {
			isa = PBXContainerItemProxy;
			containerPortal = 657B2CA01B873B39001F6BC2 /* Quick.xcodeproj */;
			proxyType = 2;
			remoteGlobalIDString = 5A5D117C19473F2100F6D13D;
			remoteInfo = "Quick-iOS";
		};
		657B2CB11B873B39001F6BC2 /* PBXContainerItemProxy */ = {
			isa = PBXContainerItemProxy;
			containerPortal = 657B2CA01B873B39001F6BC2 /* Quick.xcodeproj */;
			proxyType = 2;
			remoteGlobalIDString = 5A5D118619473F2100F6D13D;
			remoteInfo = "Quick-iOSTests";
		};
		657B2CB31B873B39001F6BC2 /* PBXContainerItemProxy */ = {
			isa = PBXContainerItemProxy;
			containerPortal = 657B2CA01B873B39001F6BC2 /* Quick.xcodeproj */;
			proxyType = 2;
			remoteGlobalIDString = DA9876B21A4C70EB0004AA17;
			remoteInfo = "QuickFocused-iOSTests";
		};
		65C024CF1B873C9A0037E325 /* PBXContainerItemProxy */ = {
			isa = PBXContainerItemProxy;
			containerPortal = 657B2C581B873AB6001F6BC2 /* SwiftyStateMachine.xcodeproj */;
			proxyType = 1;
			remoteGlobalIDString = CB4D56981AC169A3006715E8;
			remoteInfo = "SwiftyStateMachine-iOS";
		};
		65D6BFDF1B87529700FF7EAE /* PBXContainerItemProxy */ = {
			isa = PBXContainerItemProxy;
			containerPortal = 65D837A71B8749E600B6D7D3 /* Nimble.xcodeproj */;
			proxyType = 1;
			remoteGlobalIDString = 1F1A74281940169200FFFC47;
			remoteInfo = "Nimble-iOS";
		};
		65D6BFE11B87529B00FF7EAE /* PBXContainerItemProxy */ = {
			isa = PBXContainerItemProxy;
			containerPortal = 657B2CA01B873B39001F6BC2 /* Quick.xcodeproj */;
			proxyType = 1;
			remoteGlobalIDString = 5A5D117B19473F2100F6D13D;
			remoteInfo = "Quick-iOS";
		};
		65D837AE1B8749E600B6D7D3 /* PBXContainerItemProxy */ = {
			isa = PBXContainerItemProxy;
			containerPortal = 65D837A71B8749E600B6D7D3 /* Nimble.xcodeproj */;
			proxyType = 2;
			remoteGlobalIDString = 1F1A74291940169200FFFC47;
			remoteInfo = "Nimble-iOS";
		};
		65D837B01B8749E600B6D7D3 /* PBXContainerItemProxy */ = {
			isa = PBXContainerItemProxy;
			containerPortal = 65D837A71B8749E600B6D7D3 /* Nimble.xcodeproj */;
			proxyType = 2;
			remoteGlobalIDString = 1F1A74341940169200FFFC47;
			remoteInfo = "Nimble-iOSTests";
		};
		65D837B21B8749E600B6D7D3 /* PBXContainerItemProxy */ = {
			isa = PBXContainerItemProxy;
			containerPortal = 65D837A71B8749E600B6D7D3 /* Nimble.xcodeproj */;
			proxyType = 2;
			remoteGlobalIDString = 1F925EAD195C0D6300ED456B;
			remoteInfo = "Nimble-OSX";
		};
		65D837B41B8749E600B6D7D3 /* PBXContainerItemProxy */ = {
			isa = PBXContainerItemProxy;
			containerPortal = 65D837A71B8749E600B6D7D3 /* Nimble.xcodeproj */;
			proxyType = 2;
			remoteGlobalIDString = 1F925EB7195C0D6300ED456B;
			remoteInfo = "Nimble-OSXTests";
		};
		65D837BC1B874AAD00B6D7D3 /* PBXContainerItemProxy */ = {
			isa = PBXContainerItemProxy;
			containerPortal = 657B2C671B873AD1001F6BC2 /* SwiftTask.xcodeproj */;
			proxyType = 1;
			remoteGlobalIDString = 48CD5A0B19AEE3570042B9F1;
			remoteInfo = "SwiftTask-iOS";
		};
		65D837C01B874AE200B6D7D3 /* PBXContainerItemProxy */ = {
			isa = PBXContainerItemProxy;
			containerPortal = 657B2C761B873AEB001F6BC2 /* RxSwift.xcodeproj */;
			proxyType = 1;
			remoteGlobalIDString = C8A56AD61AD7424700B4673B;
			remoteInfo = "RxSwift-iOS";
		};
		65D837CC1B874B4600B6D7D3 /* PBXContainerItemProxy */ = {
			isa = PBXContainerItemProxy;
			containerPortal = 657B2C7F1B873AFC001F6BC2 /* RxCocoa.xcodeproj */;
			proxyType = 1;
			remoteGlobalIDString = C81553DD1A98AB4A00C63152;
			remoteInfo = "RxCocoa-iOS";
		};
/* End PBXContainerItemProxy section */

/* Begin PBXCopyFilesBuildPhase section */
		65C024CC1B873C8E0037E325 /* Embed Frameworks */ = {
			isa = PBXCopyFilesBuildPhase;
			buildActionMask = 2147483647;
			dstPath = "";
			dstSubfolderSpec = 10;
			files = (
				65C024CE1B873C9A0037E325 /* SwiftyStateMachine.framework in Embed Frameworks */,
				65D837CB1B874B4600B6D7D3 /* RxCocoa.framework in Embed Frameworks */,
				65D837BF1B874AE200B6D7D3 /* RxSwift.framework in Embed Frameworks */,
				65D837BB1B874AAD00B6D7D3 /* SwiftTask.framework in Embed Frameworks */,
			);
			name = "Embed Frameworks";
			runOnlyForDeploymentPostprocessing = 0;
		};
/* End PBXCopyFilesBuildPhase section */

/* Begin PBXFileReference section */
		65185A0D1B89C309001F85D5 /* StateMachineSpecs.swift */ = {isa = PBXFileReference; fileEncoding = 4; lastKnownFileType = sourcecode.swift; path = StateMachineSpecs.swift; sourceTree = "<group>"; };
		654F9F941B8759B60042F370 /* User.swift */ = {isa = PBXFileReference; fileEncoding = 4; lastKnownFileType = sourcecode.swift; path = User.swift; sourceTree = "<group>"; };
		654F9FC21B875A5D0042F370 /* App.swift */ = {isa = PBXFileReference; fileEncoding = 4; lastKnownFileType = sourcecode.swift; path = App.swift; sourceTree = "<group>"; };
		654F9FC41B8765A30042F370 /* App+Extension.swift */ = {isa = PBXFileReference; fileEncoding = 4; lastKnownFileType = sourcecode.swift; path = "App+Extension.swift"; sourceTree = "<group>"; };
		656216221B87283E003F69C3 /* SwiftReferenceApp.app */ = {isa = PBXFileReference; explicitFileType = wrapper.application; includeInIndex = 0; path = SwiftReferenceApp.app; sourceTree = BUILT_PRODUCTS_DIR; };
		656216261B87283E003F69C3 /* Info.plist */ = {isa = PBXFileReference; lastKnownFileType = text.plist.xml; path = Info.plist; sourceTree = "<group>"; };
		656216271B87283E003F69C3 /* AppDelegate.swift */ = {isa = PBXFileReference; lastKnownFileType = sourcecode.swift; path = AppDelegate.swift; sourceTree = "<group>"; };
		6562162A1B87283E003F69C3 /* SwiftReferenceApp.xcdatamodel */ = {isa = PBXFileReference; lastKnownFileType = wrapper.xcdatamodel; path = SwiftReferenceApp.xcdatamodel; sourceTree = "<group>"; };
		6562162C1B87283E003F69C3 /* MainViewController.swift */ = {isa = PBXFileReference; lastKnownFileType = sourcecode.swift; path = MainViewController.swift; sourceTree = "<group>"; };
		6562162F1B87283E003F69C3 /* Base */ = {isa = PBXFileReference; lastKnownFileType = file.storyboard; name = Base; path = Base.lproj/Main.storyboard; sourceTree = "<group>"; };
		656216311B87283E003F69C3 /* Images.xcassets */ = {isa = PBXFileReference; lastKnownFileType = folder.assetcatalog; path = Images.xcassets; sourceTree = "<group>"; };
		656216341B87283E003F69C3 /* Base */ = {isa = PBXFileReference; lastKnownFileType = file.xib; name = Base; path = Base.lproj/LaunchScreen.xib; sourceTree = "<group>"; };
		6562163A1B87283E003F69C3 /* SwiftReferenceAppTests.xctest */ = {isa = PBXFileReference; explicitFileType = wrapper.cfbundle; includeInIndex = 0; path = SwiftReferenceAppTests.xctest; sourceTree = BUILT_PRODUCTS_DIR; };
		6562163F1B87283E003F69C3 /* Info.plist */ = {isa = PBXFileReference; lastKnownFileType = text.plist.xml; path = Info.plist; sourceTree = "<group>"; };
		656216401B87283E003F69C3 /* SwiftReferenceAppSpecs.swift */ = {isa = PBXFileReference; lastKnownFileType = sourcecode.swift; path = SwiftReferenceAppSpecs.swift; sourceTree = "<group>"; };
		6562164A1B87293D003F69C3 /* ApplicationSchema.dot */ = {isa = PBXFileReference; explicitFileType = text.json; fileEncoding = 4; path = ApplicationSchema.dot; sourceTree = "<group>"; };
		6562164C1B872B03003F69C3 /* ApplicationSchema.png */ = {isa = PBXFileReference; lastKnownFileType = image.png; path = ApplicationSchema.png; sourceTree = "<group>"; };
		656504591B91FA8500144982 /* DotParser.playground */ = {isa = PBXFileReference; lastKnownFileType = file.playground; path = DotParser.playground; sourceTree = "<group>"; };
		657456BC1B8F3FFE000512B6 /* RxSelectMany.playground */ = {isa = PBXFileReference; lastKnownFileType = file.playground; path = RxSelectMany.playground; sourceTree = "<group>"; };
		657B2C581B873AB6001F6BC2 /* SwiftyStateMachine.xcodeproj */ = {isa = PBXFileReference; lastKnownFileType = "wrapper.pb-project"; name = SwiftyStateMachine.xcodeproj; path = ../Modules/SwiftyStateMachine/SwiftyStateMachine.xcodeproj; sourceTree = "<group>"; };
		657B2C671B873AD1001F6BC2 /* SwiftTask.xcodeproj */ = {isa = PBXFileReference; lastKnownFileType = "wrapper.pb-project"; name = SwiftTask.xcodeproj; path = ../Modules/SwiftTask/SwiftTask.xcodeproj; sourceTree = "<group>"; };
		657B2C761B873AEB001F6BC2 /* RxSwift.xcodeproj */ = {isa = PBXFileReference; lastKnownFileType = "wrapper.pb-project"; name = RxSwift.xcodeproj; path = ../Modules/RxSwift/RxSwift/RxSwift.xcodeproj; sourceTree = "<group>"; };
		657B2C7F1B873AFC001F6BC2 /* RxCocoa.xcodeproj */ = {isa = PBXFileReference; lastKnownFileType = "wrapper.pb-project"; name = RxCocoa.xcodeproj; path = ../Modules/RxSwift/RxCocoa/RxCocoa.xcodeproj; sourceTree = "<group>"; };
		657B2C881B873B0E001F6BC2 /* RxBlocking.xcodeproj */ = {isa = PBXFileReference; lastKnownFileType = "wrapper.pb-project"; name = RxBlocking.xcodeproj; path = ../Modules/RxSwift/RxBlocking/RxBlocking.xcodeproj; sourceTree = "<group>"; };
		657B2C911B873B23001F6BC2 /* Madness.xcodeproj */ = {isa = PBXFileReference; lastKnownFileType = "wrapper.pb-project"; name = Madness.xcodeproj; path = ../Modules/Madness/Madness.xcodeproj; sourceTree = "<group>"; };
		657B2CA01B873B39001F6BC2 /* Quick.xcodeproj */ = {isa = PBXFileReference; lastKnownFileType = "wrapper.pb-project"; name = Quick.xcodeproj; path = ../Modules/Quick/Quick.xcodeproj; sourceTree = "<group>"; };
		6586281E1B90FF7500107A04 /* Parser.playground */ = {isa = PBXFileReference; lastKnownFileType = file.playground; path = Parser.playground; sourceTree = "<group>"; };
		65A7404B1B94467D0026DB72 /* Scratch.playground */ = {isa = PBXFileReference; lastKnownFileType = file.playground; path = Scratch.playground; sourceTree = "<group>"; };
		65B1BEFD1B8C37490064FF47 /* RxAndDisposable.iOS.playground */ = {isa = PBXFileReference; lastKnownFileType = file.playground; path = RxAndDisposable.iOS.playground; sourceTree = "<group>"; };
		65B1BEFE1B8C67B90064FF47 /* Co-and-Contravariance.playground */ = {isa = PBXFileReference; lastKnownFileType = file.playground; path = "Co-and-Contravariance.playground"; sourceTree = "<group>"; };
		65B1BEFF1B8CB2440064FF47 /* Test+Extensions.swift */ = {isa = PBXFileReference; fileEncoding = 4; lastKnownFileType = sourcecode.swift; path = "Test+Extensions.swift"; sourceTree = "<group>"; };
		65B23AE21B8B306E0049D2DF /* App+Tasks.swift */ = {isa = PBXFileReference; fileEncoding = 4; lastKnownFileType = sourcecode.swift; path = "App+Tasks.swift"; sourceTree = "<group>"; };
		65B23AFA1B8B31870049D2DF /* App+Metadata.swift */ = {isa = PBXFileReference; fileEncoding = 4; lastKnownFileType = sourcecode.swift; path = "App+Metadata.swift"; sourceTree = "<group>"; };
		65D837A71B8749E600B6D7D3 /* Nimble.xcodeproj */ = {isa = PBXFileReference; lastKnownFileType = "wrapper.pb-project"; name = Nimble.xcodeproj; path = ../Modules/Quick/Externals/Nimble/Nimble.xcodeproj; sourceTree = "<group>"; };
		65FAA8BB1B877300000CC9D6 /* User+Extension.swift */ = {isa = PBXFileReference; fileEncoding = 4; lastKnownFileType = sourcecode.swift; path = "User+Extension.swift"; sourceTree = "<group>"; };
		65FAA8BD1B877629000CC9D6 /* Global.swift */ = {isa = PBXFileReference; fileEncoding = 4; lastKnownFileType = sourcecode.swift; path = Global.swift; sourceTree = "<group>"; };
		65FAA8BF1B879FE0000CC9D6 /* ApplicationSchema.svg */ = {isa = PBXFileReference; fileEncoding = 4; lastKnownFileType = text.xml; path = ApplicationSchema.svg; sourceTree = "<group>"; };
		65FAA8C11B87A002000CC9D6 /* README.md */ = {isa = PBXFileReference; fileEncoding = 4; lastKnownFileType = net.daringfireball.markdown; name = README.md; path = ../README.md; sourceTree = "<group>"; };
		65FAA8C41B87B52D000CC9D6 /* App+Schema.swift */ = {isa = PBXFileReference; fileEncoding = 4; lastKnownFileType = sourcecode.swift; path = "App+Schema.swift"; sourceTree = "<group>"; };
		65FAA8C61B87B606000CC9D6 /* User+Schema.swift */ = {isa = PBXFileReference; fileEncoding = 4; lastKnownFileType = sourcecode.swift; path = "User+Schema.swift"; sourceTree = "<group>"; };
		65FE069E1B8DD9DF0095295E /* SimpleAsyncSpec.swift */ = {isa = PBXFileReference; fileEncoding = 4; lastKnownFileType = sourcecode.swift; path = SimpleAsyncSpec.swift; sourceTree = "<group>"; };
/* End PBXFileReference section */

/* Begin PBXFrameworksBuildPhase section */
		6562161F1B87283E003F69C3 /* Frameworks */ = {
			isa = PBXFrameworksBuildPhase;
			buildActionMask = 2147483647;
			files = (
				65C024CD1B873C9A0037E325 /* SwiftyStateMachine.framework in Frameworks */,
				65D837CA1B874B4600B6D7D3 /* RxCocoa.framework in Frameworks */,
				65D837BE1B874AE200B6D7D3 /* RxSwift.framework in Frameworks */,
				65D837BA1B874AAD00B6D7D3 /* SwiftTask.framework in Frameworks */,
			);
			runOnlyForDeploymentPostprocessing = 0;
		};
		656216371B87283E003F69C3 /* Frameworks */ = {
			isa = PBXFrameworksBuildPhase;
			buildActionMask = 2147483647;
			files = (
				65541CE81B8B8CA100FECB63 /* RxBlocking.framework in Frameworks */,
				65D6BFE41B8752AB00FF7EAE /* Nimble.framework in Frameworks */,
				65D6BFE31B8752A400FF7EAE /* Quick.framework in Frameworks */,
			);
			runOnlyForDeploymentPostprocessing = 0;
		};
/* End PBXFrameworksBuildPhase section */

/* Begin PBXGroup section */
		656216191B87283E003F69C3 = {
			isa = PBXGroup;
			children = (
				65FAA8C11B87A002000CC9D6 /* README.md */,
				65B1BEE61B8C37170064FF47 /* Playgrounds */,
				657B2C571B873AA0001F6BC2 /* Dependencies */,
				656216241B87283E003F69C3 /* SwiftReferenceApp */,
				6562163D1B87283E003F69C3 /* SwiftReferenceAppTests */,
				656216231B87283E003F69C3 /* Products */,
			);
			sourceTree = "<group>";
		};
		656216231B87283E003F69C3 /* Products */ = {
			isa = PBXGroup;
			children = (
				656216221B87283E003F69C3 /* SwiftReferenceApp.app */,
				6562163A1B87283E003F69C3 /* SwiftReferenceAppTests.xctest */,
			);
			name = Products;
			sourceTree = "<group>";
		};
		656216241B87283E003F69C3 /* SwiftReferenceApp */ = {
			isa = PBXGroup;
			children = (
				65B227111B874578001A621D /* Models */,
				65B227241B874584001A621D /* Views */,
				65FAA8C31B87A56E000CC9D6 /* ViewModels */,
				65B227251B87458B001A621D /* Controllers */,
				656216271B87283E003F69C3 /* AppDelegate.swift */,
				65FAA8BD1B877629000CC9D6 /* Global.swift */,
				6562162E1B87283E003F69C3 /* Main.storyboard */,
				656216311B87283E003F69C3 /* Images.xcassets */,
				656216331B87283E003F69C3 /* LaunchScreen.xib */,
				656216291B87283E003F69C3 /* SwiftReferenceApp.xcdatamodeld */,
				656216251B87283E003F69C3 /* Supporting Files */,
			);
			path = SwiftReferenceApp;
			sourceTree = "<group>";
		};
		656216251B87283E003F69C3 /* Supporting Files */ = {
			isa = PBXGroup;
			children = (
				65FAA8BF1B879FE0000CC9D6 /* ApplicationSchema.svg */,
				656216261B87283E003F69C3 /* Info.plist */,
				6562164A1B87293D003F69C3 /* ApplicationSchema.dot */,
				6562164C1B872B03003F69C3 /* ApplicationSchema.png */,
			);
			name = "Supporting Files";
			sourceTree = "<group>";
		};
		6562163D1B87283E003F69C3 /* SwiftReferenceAppTests */ = {
			isa = PBXGroup;
			children = (
				6562163E1B87283E003F69C3 /* Supporting Files */,
				65185A0D1B89C309001F85D5 /* StateMachineSpecs.swift */,
				656216401B87283E003F69C3 /* SwiftReferenceAppSpecs.swift */,
				65B1BEFF1B8CB2440064FF47 /* Test+Extensions.swift */,
			);
			path = SwiftReferenceAppTests;
			sourceTree = "<group>";
		};
		6562163E1B87283E003F69C3 /* Supporting Files */ = {
			isa = PBXGroup;
			children = (
				65FE069E1B8DD9DF0095295E /* SimpleAsyncSpec.swift */,
				6562163F1B87283E003F69C3 /* Info.plist */,
			);
			name = "Supporting Files";
			sourceTree = "<group>";
		};
		657B2C571B873AA0001F6BC2 /* Dependencies */ = {
			isa = PBXGroup;
			children = (
				657B2C911B873B23001F6BC2 /* Madness.xcodeproj */,
				65D837A71B8749E600B6D7D3 /* Nimble.xcodeproj */,
				657B2CA01B873B39001F6BC2 /* Quick.xcodeproj */,
				657B2C881B873B0E001F6BC2 /* RxBlocking.xcodeproj */,
				657B2C7F1B873AFC001F6BC2 /* RxCocoa.xcodeproj */,
				657B2C761B873AEB001F6BC2 /* RxSwift.xcodeproj */,
				657B2C581B873AB6001F6BC2 /* SwiftyStateMachine.xcodeproj */,
				657B2C671B873AD1001F6BC2 /* SwiftTask.xcodeproj */,
			);
			name = Dependencies;
			sourceTree = "<group>";
		};
		657B2C591B873AB6001F6BC2 /* Products */ = {
			isa = PBXGroup;
			children = (
				657B2C601B873AB6001F6BC2 /* SwiftyStateMachine.framework */,
				657B2C621B873AB6001F6BC2 /* SwiftyStateMachineTests.xctest */,
				657B2C641B873AB6001F6BC2 /* SwiftyStateMachine.framework */,
				657B2C661B873AB6001F6BC2 /* SwiftyStateMachineTests.xctest */,
			);
			name = Products;
			sourceTree = "<group>";
		};
		657B2C681B873AD1001F6BC2 /* Products */ = {
			isa = PBXGroup;
			children = (
				657B2C6F1B873AD1001F6BC2 /* SwiftTask.framework */,
				657B2C711B873AD1001F6BC2 /* SwiftTask-OSXTests.xctest */,
				657B2C731B873AD1001F6BC2 /* SwiftTask.framework */,
				657B2C751B873AD1001F6BC2 /* SwiftTask-iOSTests.xctest */,
			);
			name = Products;
			sourceTree = "<group>";
		};
		657B2C771B873AEB001F6BC2 /* Products */ = {
			isa = PBXGroup;
			children = (
				657B2C7C1B873AEB001F6BC2 /* RxSwift.framework */,
				657B2C7E1B873AEB001F6BC2 /* RxSwift.framework */,
			);
			name = Products;
			sourceTree = "<group>";
		};
		657B2C801B873AFC001F6BC2 /* Products */ = {
			isa = PBXGroup;
			children = (
				657B2C851B873AFC001F6BC2 /* RxCocoa.framework */,
				657B2C871B873AFC001F6BC2 /* RxCocoa.framework */,
			);
			name = Products;
			sourceTree = "<group>";
		};
		657B2C891B873B0E001F6BC2 /* Products */ = {
			isa = PBXGroup;
			children = (
				657B2C8E1B873B0E001F6BC2 /* RxBlocking.framework */,
				657B2C901B873B0E001F6BC2 /* RxBlocking.framework */,
			);
			name = Products;
			sourceTree = "<group>";
		};
		657B2C921B873B23001F6BC2 /* Products */ = {
			isa = PBXGroup;
			children = (
				657B2C991B873B23001F6BC2 /* Madness.framework */,
				657B2C9B1B873B23001F6BC2 /* Madness-MacTests.xctest */,
				657B2C9D1B873B23001F6BC2 /* Madness.framework */,
				657B2C9F1B873B23001F6BC2 /* Madness-iOSTests.xctest */,
			);
			name = Products;
			sourceTree = "<group>";
		};
		657B2CA11B873B39001F6BC2 /* Products */ = {
			isa = PBXGroup;
			children = (
				657B2CAA1B873B39001F6BC2 /* Quick.framework */,
				657B2CAC1B873B39001F6BC2 /* Quick-OSXTests.xctest */,
				657B2CAE1B873B39001F6BC2 /* QuickFocused-OSXTests.xctest */,
				657B2CB01B873B39001F6BC2 /* Quick.framework */,
				657B2CB21B873B39001F6BC2 /* Quick-iOSTests.xctest */,
				657B2CB41B873B39001F6BC2 /* QuickFocused-iOSTests.xctest */,
			);
			name = Products;
			sourceTree = "<group>";
		};
		65B1BEE61B8C37170064FF47 /* Playgrounds */ = {
			isa = PBXGroup;
			children = (
				656504591B91FA8500144982 /* DotParser.playground */,
				65B1BEFD1B8C37490064FF47 /* RxAndDisposable.iOS.playground */,
				65B1BEFE1B8C67B90064FF47 /* Co-and-Contravariance.playground */,
				657456BC1B8F3FFE000512B6 /* RxSelectMany.playground */,
				6586281E1B90FF7500107A04 /* Parser.playground */,
				65A7404B1B94467D0026DB72 /* Scratch.playground */,
			);
			name = Playgrounds;
			sourceTree = "<group>";
		};
		65B227111B874578001A621D /* Models */ = {
			isa = PBXGroup;
			children = (
				654F9FC21B875A5D0042F370 /* App.swift */,
				654F9FC41B8765A30042F370 /* App+Extension.swift */,
				65B23AFA1B8B31870049D2DF /* App+Metadata.swift */,
				65FAA8C41B87B52D000CC9D6 /* App+Schema.swift */,
				65B23AE21B8B306E0049D2DF /* App+Tasks.swift */,
				654F9F941B8759B60042F370 /* User.swift */,
				65FAA8BB1B877300000CC9D6 /* User+Extension.swift */,
				65FAA8C61B87B606000CC9D6 /* User+Schema.swift */,
			);
			name = Models;
			sourceTree = "<group>";
		};
		65B227241B874584001A621D /* Views */ = {
			isa = PBXGroup;
			children = (
			);
			name = Views;
			sourceTree = "<group>";
		};
		65B227251B87458B001A621D /* Controllers */ = {
			isa = PBXGroup;
			children = (
				6562162C1B87283E003F69C3 /* MainViewController.swift */,
			);
			name = Controllers;
			sourceTree = "<group>";
		};
		65D837A81B8749E600B6D7D3 /* Products */ = {
			isa = PBXGroup;
			children = (
				65D837AF1B8749E600B6D7D3 /* Nimble.framework */,
				65D837B11B8749E600B6D7D3 /* NimbleTests.xctest */,
				65D837B31B8749E600B6D7D3 /* Nimble.framework */,
				65D837B51B8749E600B6D7D3 /* NimbleTests.xctest */,
			);
			name = Products;
			sourceTree = "<group>";
		};
		65FAA8C31B87A56E000CC9D6 /* ViewModels */ = {
			isa = PBXGroup;
			children = (
			);
			name = ViewModels;
			sourceTree = "<group>";
		};
/* End PBXGroup section */

/* Begin PBXNativeTarget section */
		656216211B87283E003F69C3 /* SwiftReferenceApp */ = {
			isa = PBXNativeTarget;
			buildConfigurationList = 656216441B87283E003F69C3 /* Build configuration list for PBXNativeTarget "SwiftReferenceApp" */;
			buildPhases = (
				6562161E1B87283E003F69C3 /* Sources */,
				6562161F1B87283E003F69C3 /* Frameworks */,
				656216201B87283E003F69C3 /* Resources */,
				65C024CC1B873C8E0037E325 /* Embed Frameworks */,
			);
			buildRules = (
			);
			dependencies = (
				65C024D01B873C9A0037E325 /* PBXTargetDependency */,
				65D837BD1B874AAD00B6D7D3 /* PBXTargetDependency */,
				65D837C11B874AE200B6D7D3 /* PBXTargetDependency */,
				65D837CD1B874B4600B6D7D3 /* PBXTargetDependency */,
			);
			name = SwiftReferenceApp;
			productName = SwiftReferenceApp;
			productReference = 656216221B87283E003F69C3 /* SwiftReferenceApp.app */;
			productType = "com.apple.product-type.application";
		};
		656216391B87283E003F69C3 /* SwiftReferenceAppTests */ = {
			isa = PBXNativeTarget;
			buildConfigurationList = 656216471B87283E003F69C3 /* Build configuration list for PBXNativeTarget "SwiftReferenceAppTests" */;
			buildPhases = (
				656216361B87283E003F69C3 /* Sources */,
				656216371B87283E003F69C3 /* Frameworks */,
				656216381B87283E003F69C3 /* Resources */,
			);
			buildRules = (
			);
			dependencies = (
				65D6BFE21B87529B00FF7EAE /* PBXTargetDependency */,
				65D6BFE01B87529700FF7EAE /* PBXTargetDependency */,
				6562163C1B87283E003F69C3 /* PBXTargetDependency */,
			);
			name = SwiftReferenceAppTests;
			productName = SwiftReferenceAppTests;
			productReference = 6562163A1B87283E003F69C3 /* SwiftReferenceAppTests.xctest */;
			productType = "com.apple.product-type.bundle.unit-test";
		};
/* End PBXNativeTarget section */

/* Begin PBXProject section */
		6562161A1B87283E003F69C3 /* Project object */ = {
			isa = PBXProject;
			attributes = {
				LastUpgradeCheck = 0640;
				ORGANIZATIONNAME = StoryShare;
				TargetAttributes = {
					656216211B87283E003F69C3 = {
						CreatedOnToolsVersion = 6.4;
					};
					656216391B87283E003F69C3 = {
						CreatedOnToolsVersion = 6.4;
						TestTargetID = 656216211B87283E003F69C3;
					};
				};
			};
			buildConfigurationList = 6562161D1B87283E003F69C3 /* Build configuration list for PBXProject "SwiftReferenceApp" */;
			compatibilityVersion = "Xcode 3.2";
			developmentRegion = English;
			hasScannedForEncodings = 0;
			knownRegions = (
				en,
				Base,
			);
			mainGroup = 656216191B87283E003F69C3;
			productRefGroup = 656216231B87283E003F69C3 /* Products */;
			projectDirPath = "";
			projectReferences = (
				{
					ProductGroup = 657B2C921B873B23001F6BC2 /* Products */;
					ProjectRef = 657B2C911B873B23001F6BC2 /* Madness.xcodeproj */;
				},
				{
					ProductGroup = 65D837A81B8749E600B6D7D3 /* Products */;
					ProjectRef = 65D837A71B8749E600B6D7D3 /* Nimble.xcodeproj */;
				},
				{
					ProductGroup = 657B2CA11B873B39001F6BC2 /* Products */;
					ProjectRef = 657B2CA01B873B39001F6BC2 /* Quick.xcodeproj */;
				},
				{
					ProductGroup = 657B2C891B873B0E001F6BC2 /* Products */;
					ProjectRef = 657B2C881B873B0E001F6BC2 /* RxBlocking.xcodeproj */;
				},
				{
					ProductGroup = 657B2C801B873AFC001F6BC2 /* Products */;
					ProjectRef = 657B2C7F1B873AFC001F6BC2 /* RxCocoa.xcodeproj */;
				},
				{
					ProductGroup = 657B2C771B873AEB001F6BC2 /* Products */;
					ProjectRef = 657B2C761B873AEB001F6BC2 /* RxSwift.xcodeproj */;
				},
				{
					ProductGroup = 657B2C681B873AD1001F6BC2 /* Products */;
					ProjectRef = 657B2C671B873AD1001F6BC2 /* SwiftTask.xcodeproj */;
				},
				{
					ProductGroup = 657B2C591B873AB6001F6BC2 /* Products */;
					ProjectRef = 657B2C581B873AB6001F6BC2 /* SwiftyStateMachine.xcodeproj */;
				},
			);
			projectRoot = "";
			targets = (
				656216211B87283E003F69C3 /* SwiftReferenceApp */,
				656216391B87283E003F69C3 /* SwiftReferenceAppTests */,
			);
		};
/* End PBXProject section */

/* Begin PBXReferenceProxy section */
		657B2C601B873AB6001F6BC2 /* SwiftyStateMachine.framework */ = {
			isa = PBXReferenceProxy;
			fileType = wrapper.framework;
			path = SwiftyStateMachine.framework;
			remoteRef = 657B2C5F1B873AB6001F6BC2 /* PBXContainerItemProxy */;
			sourceTree = BUILT_PRODUCTS_DIR;
		};
		657B2C621B873AB6001F6BC2 /* SwiftyStateMachineTests.xctest */ = {
			isa = PBXReferenceProxy;
			fileType = wrapper.cfbundle;
			path = SwiftyStateMachineTests.xctest;
			remoteRef = 657B2C611B873AB6001F6BC2 /* PBXContainerItemProxy */;
			sourceTree = BUILT_PRODUCTS_DIR;
		};
		657B2C641B873AB6001F6BC2 /* SwiftyStateMachine.framework */ = {
			isa = PBXReferenceProxy;
			fileType = wrapper.framework;
			path = SwiftyStateMachine.framework;
			remoteRef = 657B2C631B873AB6001F6BC2 /* PBXContainerItemProxy */;
			sourceTree = BUILT_PRODUCTS_DIR;
		};
		657B2C661B873AB6001F6BC2 /* SwiftyStateMachineTests.xctest */ = {
			isa = PBXReferenceProxy;
			fileType = wrapper.cfbundle;
			path = SwiftyStateMachineTests.xctest;
			remoteRef = 657B2C651B873AB6001F6BC2 /* PBXContainerItemProxy */;
			sourceTree = BUILT_PRODUCTS_DIR;
		};
		657B2C6F1B873AD1001F6BC2 /* SwiftTask.framework */ = {
			isa = PBXReferenceProxy;
			fileType = wrapper.framework;
			path = SwiftTask.framework;
			remoteRef = 657B2C6E1B873AD1001F6BC2 /* PBXContainerItemProxy */;
			sourceTree = BUILT_PRODUCTS_DIR;
		};
		657B2C711B873AD1001F6BC2 /* SwiftTask-OSXTests.xctest */ = {
			isa = PBXReferenceProxy;
			fileType = wrapper.cfbundle;
			path = "SwiftTask-OSXTests.xctest";
			remoteRef = 657B2C701B873AD1001F6BC2 /* PBXContainerItemProxy */;
			sourceTree = BUILT_PRODUCTS_DIR;
		};
		657B2C731B873AD1001F6BC2 /* SwiftTask.framework */ = {
			isa = PBXReferenceProxy;
			fileType = wrapper.framework;
			path = SwiftTask.framework;
			remoteRef = 657B2C721B873AD1001F6BC2 /* PBXContainerItemProxy */;
			sourceTree = BUILT_PRODUCTS_DIR;
		};
		657B2C751B873AD1001F6BC2 /* SwiftTask-iOSTests.xctest */ = {
			isa = PBXReferenceProxy;
			fileType = wrapper.cfbundle;
			path = "SwiftTask-iOSTests.xctest";
			remoteRef = 657B2C741B873AD1001F6BC2 /* PBXContainerItemProxy */;
			sourceTree = BUILT_PRODUCTS_DIR;
		};
		657B2C7C1B873AEB001F6BC2 /* RxSwift.framework */ = {
			isa = PBXReferenceProxy;
			fileType = wrapper.framework;
			path = RxSwift.framework;
			remoteRef = 657B2C7B1B873AEB001F6BC2 /* PBXContainerItemProxy */;
			sourceTree = BUILT_PRODUCTS_DIR;
		};
		657B2C7E1B873AEB001F6BC2 /* RxSwift.framework */ = {
			isa = PBXReferenceProxy;
			fileType = wrapper.framework;
			path = RxSwift.framework;
			remoteRef = 657B2C7D1B873AEB001F6BC2 /* PBXContainerItemProxy */;
			sourceTree = BUILT_PRODUCTS_DIR;
		};
		657B2C851B873AFC001F6BC2 /* RxCocoa.framework */ = {
			isa = PBXReferenceProxy;
			fileType = wrapper.framework;
			path = RxCocoa.framework;
			remoteRef = 657B2C841B873AFC001F6BC2 /* PBXContainerItemProxy */;
			sourceTree = BUILT_PRODUCTS_DIR;
		};
		657B2C871B873AFC001F6BC2 /* RxCocoa.framework */ = {
			isa = PBXReferenceProxy;
			fileType = wrapper.framework;
			path = RxCocoa.framework;
			remoteRef = 657B2C861B873AFC001F6BC2 /* PBXContainerItemProxy */;
			sourceTree = BUILT_PRODUCTS_DIR;
		};
		657B2C8E1B873B0E001F6BC2 /* RxBlocking.framework */ = {
			isa = PBXReferenceProxy;
			fileType = wrapper.framework;
			path = RxBlocking.framework;
			remoteRef = 657B2C8D1B873B0E001F6BC2 /* PBXContainerItemProxy */;
			sourceTree = BUILT_PRODUCTS_DIR;
		};
		657B2C901B873B0E001F6BC2 /* RxBlocking.framework */ = {
			isa = PBXReferenceProxy;
			fileType = wrapper.framework;
			path = RxBlocking.framework;
			remoteRef = 657B2C8F1B873B0E001F6BC2 /* PBXContainerItemProxy */;
			sourceTree = BUILT_PRODUCTS_DIR;
		};
		657B2C991B873B23001F6BC2 /* Madness.framework */ = {
			isa = PBXReferenceProxy;
			fileType = wrapper.framework;
			path = Madness.framework;
			remoteRef = 657B2C981B873B23001F6BC2 /* PBXContainerItemProxy */;
			sourceTree = BUILT_PRODUCTS_DIR;
		};
		657B2C9B1B873B23001F6BC2 /* Madness-MacTests.xctest */ = {
			isa = PBXReferenceProxy;
			fileType = wrapper.cfbundle;
			path = "Madness-MacTests.xctest";
			remoteRef = 657B2C9A1B873B23001F6BC2 /* PBXContainerItemProxy */;
			sourceTree = BUILT_PRODUCTS_DIR;
		};
		657B2C9D1B873B23001F6BC2 /* Madness.framework */ = {
			isa = PBXReferenceProxy;
			fileType = wrapper.framework;
			path = Madness.framework;
			remoteRef = 657B2C9C1B873B23001F6BC2 /* PBXContainerItemProxy */;
			sourceTree = BUILT_PRODUCTS_DIR;
		};
		657B2C9F1B873B23001F6BC2 /* Madness-iOSTests.xctest */ = {
			isa = PBXReferenceProxy;
			fileType = wrapper.cfbundle;
			path = "Madness-iOSTests.xctest";
			remoteRef = 657B2C9E1B873B23001F6BC2 /* PBXContainerItemProxy */;
			sourceTree = BUILT_PRODUCTS_DIR;
		};
		657B2CAA1B873B39001F6BC2 /* Quick.framework */ = {
			isa = PBXReferenceProxy;
			fileType = wrapper.framework;
			path = Quick.framework;
			remoteRef = 657B2CA91B873B39001F6BC2 /* PBXContainerItemProxy */;
			sourceTree = BUILT_PRODUCTS_DIR;
		};
		657B2CAC1B873B39001F6BC2 /* Quick-OSXTests.xctest */ = {
			isa = PBXReferenceProxy;
			fileType = wrapper.cfbundle;
			path = "Quick-OSXTests.xctest";
			remoteRef = 657B2CAB1B873B39001F6BC2 /* PBXContainerItemProxy */;
			sourceTree = BUILT_PRODUCTS_DIR;
		};
		657B2CAE1B873B39001F6BC2 /* QuickFocused-OSXTests.xctest */ = {
			isa = PBXReferenceProxy;
			fileType = wrapper.cfbundle;
			path = "QuickFocused-OSXTests.xctest";
			remoteRef = 657B2CAD1B873B39001F6BC2 /* PBXContainerItemProxy */;
			sourceTree = BUILT_PRODUCTS_DIR;
		};
		657B2CB01B873B39001F6BC2 /* Quick.framework */ = {
			isa = PBXReferenceProxy;
			fileType = wrapper.framework;
			path = Quick.framework;
			remoteRef = 657B2CAF1B873B39001F6BC2 /* PBXContainerItemProxy */;
			sourceTree = BUILT_PRODUCTS_DIR;
		};
		657B2CB21B873B39001F6BC2 /* Quick-iOSTests.xctest */ = {
			isa = PBXReferenceProxy;
			fileType = wrapper.cfbundle;
			path = "Quick-iOSTests.xctest";
			remoteRef = 657B2CB11B873B39001F6BC2 /* PBXContainerItemProxy */;
			sourceTree = BUILT_PRODUCTS_DIR;
		};
		657B2CB41B873B39001F6BC2 /* QuickFocused-iOSTests.xctest */ = {
			isa = PBXReferenceProxy;
			fileType = wrapper.cfbundle;
			path = "QuickFocused-iOSTests.xctest";
			remoteRef = 657B2CB31B873B39001F6BC2 /* PBXContainerItemProxy */;
			sourceTree = BUILT_PRODUCTS_DIR;
		};
		65D837AF1B8749E600B6D7D3 /* Nimble.framework */ = {
			isa = PBXReferenceProxy;
			fileType = wrapper.framework;
			path = Nimble.framework;
			remoteRef = 65D837AE1B8749E600B6D7D3 /* PBXContainerItemProxy */;
			sourceTree = BUILT_PRODUCTS_DIR;
		};
		65D837B11B8749E600B6D7D3 /* NimbleTests.xctest */ = {
			isa = PBXReferenceProxy;
			fileType = wrapper.cfbundle;
			path = NimbleTests.xctest;
			remoteRef = 65D837B01B8749E600B6D7D3 /* PBXContainerItemProxy */;
			sourceTree = BUILT_PRODUCTS_DIR;
		};
		65D837B31B8749E600B6D7D3 /* Nimble.framework */ = {
			isa = PBXReferenceProxy;
			fileType = wrapper.framework;
			path = Nimble.framework;
			remoteRef = 65D837B21B8749E600B6D7D3 /* PBXContainerItemProxy */;
			sourceTree = BUILT_PRODUCTS_DIR;
		};
		65D837B51B8749E600B6D7D3 /* NimbleTests.xctest */ = {
			isa = PBXReferenceProxy;
			fileType = wrapper.cfbundle;
			path = NimbleTests.xctest;
			remoteRef = 65D837B41B8749E600B6D7D3 /* PBXContainerItemProxy */;
			sourceTree = BUILT_PRODUCTS_DIR;
		};
/* End PBXReferenceProxy section */

/* Begin PBXResourcesBuildPhase section */
		656216201B87283E003F69C3 /* Resources */ = {
			isa = PBXResourcesBuildPhase;
			buildActionMask = 2147483647;
			files = (
				656216301B87283E003F69C3 /* Main.storyboard in Resources */,
				656216351B87283E003F69C3 /* LaunchScreen.xib in Resources */,
				656216321B87283E003F69C3 /* Images.xcassets in Resources */,
				6562164D1B872B03003F69C3 /* ApplicationSchema.png in Resources */,
				65FAA8C01B879FE0000CC9D6 /* ApplicationSchema.svg in Resources */,
				6562164B1B87293D003F69C3 /* ApplicationSchema.dot in Resources */,
			);
			runOnlyForDeploymentPostprocessing = 0;
		};
		656216381B87283E003F69C3 /* Resources */ = {
			isa = PBXResourcesBuildPhase;
			buildActionMask = 2147483647;
			files = (
			);
			runOnlyForDeploymentPostprocessing = 0;
		};
/* End PBXResourcesBuildPhase section */

/* Begin PBXSourcesBuildPhase section */
		6562161E1B87283E003F69C3 /* Sources */ = {
			isa = PBXSourcesBuildPhase;
			buildActionMask = 2147483647;
			files = (
				65FAA8BE1B877629000CC9D6 /* Global.swift in Sources */,
				654F9F951B8759B60042F370 /* User.swift in Sources */,
				6562162D1B87283E003F69C3 /* MainViewController.swift in Sources */,
				65FAA8C71B87B606000CC9D6 /* User+Schema.swift in Sources */,
				65B23AE31B8B306E0049D2DF /* App+Tasks.swift in Sources */,
				656216281B87283E003F69C3 /* AppDelegate.swift in Sources */,
				65FAA8BA1B8767B6000CC9D6 /* App+Extension.swift in Sources */,
				65FAA8B91B876789000CC9D6 /* App.swift in Sources */,
				65FAA8C51B87B52D000CC9D6 /* App+Schema.swift in Sources */,
				65FAA8C21B87A002000CC9D6 /* README.md in Sources */,
				65FAA8BC1B877300000CC9D6 /* User+Extension.swift in Sources */,
				6562162B1B87283E003F69C3 /* SwiftReferenceApp.xcdatamodeld in Sources */,
				65B23AFB1B8B31870049D2DF /* App+Metadata.swift in Sources */,
			);
			runOnlyForDeploymentPostprocessing = 0;
		};
		656216361B87283E003F69C3 /* Sources */ = {
			isa = PBXSourcesBuildPhase;
			buildActionMask = 2147483647;
			files = (
				65185A0E1B89C309001F85D5 /* StateMachineSpecs.swift in Sources */,
				65B1BF001B8CB2440064FF47 /* Test+Extensions.swift in Sources */,
				656216411B87283E003F69C3 /* SwiftReferenceAppSpecs.swift in Sources */,
				65FE069F1B8DD9DF0095295E /* SimpleAsyncSpec.swift in Sources */,
			);
			runOnlyForDeploymentPostprocessing = 0;
		};
/* End PBXSourcesBuildPhase section */

/* Begin PBXTargetDependency section */
		6562163C1B87283E003F69C3 /* PBXTargetDependency */ = {
			isa = PBXTargetDependency;
			target = 656216211B87283E003F69C3 /* SwiftReferenceApp */;
			targetProxy = 6562163B1B87283E003F69C3 /* PBXContainerItemProxy */;
		};
		65C024D01B873C9A0037E325 /* PBXTargetDependency */ = {
			isa = PBXTargetDependency;
			name = "SwiftyStateMachine-iOS";
			targetProxy = 65C024CF1B873C9A0037E325 /* PBXContainerItemProxy */;
		};
		65D6BFE01B87529700FF7EAE /* PBXTargetDependency */ = {
			isa = PBXTargetDependency;
			name = "Nimble-iOS";
			targetProxy = 65D6BFDF1B87529700FF7EAE /* PBXContainerItemProxy */;
		};
		65D6BFE21B87529B00FF7EAE /* PBXTargetDependency */ = {
			isa = PBXTargetDependency;
			name = "Quick-iOS";
			targetProxy = 65D6BFE11B87529B00FF7EAE /* PBXContainerItemProxy */;
		};
		65D837BD1B874AAD00B6D7D3 /* PBXTargetDependency */ = {
			isa = PBXTargetDependency;
			name = "SwiftTask-iOS";
			targetProxy = 65D837BC1B874AAD00B6D7D3 /* PBXContainerItemProxy */;
		};
		65D837C11B874AE200B6D7D3 /* PBXTargetDependency */ = {
			isa = PBXTargetDependency;
			name = "RxSwift-iOS";
			targetProxy = 65D837C01B874AE200B6D7D3 /* PBXContainerItemProxy */;
		};
		65D837CD1B874B4600B6D7D3 /* PBXTargetDependency */ = {
			isa = PBXTargetDependency;
			name = "RxCocoa-iOS";
			targetProxy = 65D837CC1B874B4600B6D7D3 /* PBXContainerItemProxy */;
		};
/* End PBXTargetDependency section */

/* Begin PBXVariantGroup section */
		6562162E1B87283E003F69C3 /* Main.storyboard */ = {
			isa = PBXVariantGroup;
			children = (
				6562162F1B87283E003F69C3 /* Base */,
			);
			name = Main.storyboard;
			sourceTree = "<group>";
		};
		656216331B87283E003F69C3 /* LaunchScreen.xib */ = {
			isa = PBXVariantGroup;
			children = (
				656216341B87283E003F69C3 /* Base */,
			);
			name = LaunchScreen.xib;
			sourceTree = "<group>";
		};
/* End PBXVariantGroup section */

/* Begin XCBuildConfiguration section */
		656216421B87283E003F69C3 /* Debug */ = {
			isa = XCBuildConfiguration;
			buildSettings = {
				ALWAYS_SEARCH_USER_PATHS = NO;
				CLANG_CXX_LANGUAGE_STANDARD = "gnu++0x";
				CLANG_CXX_LIBRARY = "libc++";
				CLANG_ENABLE_MODULES = YES;
				CLANG_ENABLE_OBJC_ARC = YES;
				CLANG_WARN_BOOL_CONVERSION = YES;
				CLANG_WARN_CONSTANT_CONVERSION = YES;
				CLANG_WARN_DIRECT_OBJC_ISA_USAGE = YES_ERROR;
				CLANG_WARN_EMPTY_BODY = YES;
				CLANG_WARN_ENUM_CONVERSION = YES;
				CLANG_WARN_INT_CONVERSION = YES;
				CLANG_WARN_OBJC_ROOT_CLASS = YES_ERROR;
				CLANG_WARN_UNREACHABLE_CODE = YES;
				CLANG_WARN__DUPLICATE_METHOD_MATCH = YES;
				"CODE_SIGN_IDENTITY[sdk=iphoneos*]" = "iPhone Developer";
				COPY_PHASE_STRIP = NO;
				DEBUG_INFORMATION_FORMAT = "dwarf-with-dsym";
				ENABLE_STRICT_OBJC_MSGSEND = YES;
				GCC_C_LANGUAGE_STANDARD = gnu99;
				GCC_DYNAMIC_NO_PIC = NO;
				GCC_NO_COMMON_BLOCKS = YES;
				GCC_OPTIMIZATION_LEVEL = 0;
				GCC_PREPROCESSOR_DEFINITIONS = (
					"DEBUG=1",
					"$(inherited)",
				);
				GCC_SYMBOLS_PRIVATE_EXTERN = NO;
				GCC_WARN_64_TO_32_BIT_CONVERSION = YES;
				GCC_WARN_ABOUT_RETURN_TYPE = YES_ERROR;
				GCC_WARN_UNDECLARED_SELECTOR = YES;
				GCC_WARN_UNINITIALIZED_AUTOS = YES_AGGRESSIVE;
				GCC_WARN_UNUSED_FUNCTION = YES;
				GCC_WARN_UNUSED_VARIABLE = YES;
				IPHONEOS_DEPLOYMENT_TARGET = 8.4;
				MTL_ENABLE_DEBUG_INFO = YES;
				ONLY_ACTIVE_ARCH = YES;
				SDKROOT = iphoneos;
				SWIFT_OPTIMIZATION_LEVEL = "-Onone";
				TARGETED_DEVICE_FAMILY = "1,2";
			};
			name = Debug;
		};
		656216431B87283E003F69C3 /* Release */ = {
			isa = XCBuildConfiguration;
			buildSettings = {
				ALWAYS_SEARCH_USER_PATHS = NO;
				CLANG_CXX_LANGUAGE_STANDARD = "gnu++0x";
				CLANG_CXX_LIBRARY = "libc++";
				CLANG_ENABLE_MODULES = YES;
				CLANG_ENABLE_OBJC_ARC = YES;
				CLANG_WARN_BOOL_CONVERSION = YES;
				CLANG_WARN_CONSTANT_CONVERSION = YES;
				CLANG_WARN_DIRECT_OBJC_ISA_USAGE = YES_ERROR;
				CLANG_WARN_EMPTY_BODY = YES;
				CLANG_WARN_ENUM_CONVERSION = YES;
				CLANG_WARN_INT_CONVERSION = YES;
				CLANG_WARN_OBJC_ROOT_CLASS = YES_ERROR;
				CLANG_WARN_UNREACHABLE_CODE = YES;
				CLANG_WARN__DUPLICATE_METHOD_MATCH = YES;
				"CODE_SIGN_IDENTITY[sdk=iphoneos*]" = "iPhone Developer";
				COPY_PHASE_STRIP = NO;
				DEBUG_INFORMATION_FORMAT = "dwarf-with-dsym";
				ENABLE_NS_ASSERTIONS = NO;
				ENABLE_STRICT_OBJC_MSGSEND = YES;
				GCC_C_LANGUAGE_STANDARD = gnu99;
				GCC_NO_COMMON_BLOCKS = YES;
				GCC_WARN_64_TO_32_BIT_CONVERSION = YES;
				GCC_WARN_ABOUT_RETURN_TYPE = YES_ERROR;
				GCC_WARN_UNDECLARED_SELECTOR = YES;
				GCC_WARN_UNINITIALIZED_AUTOS = YES_AGGRESSIVE;
				GCC_WARN_UNUSED_FUNCTION = YES;
				GCC_WARN_UNUSED_VARIABLE = YES;
				IPHONEOS_DEPLOYMENT_TARGET = 8.4;
				MTL_ENABLE_DEBUG_INFO = NO;
				SDKROOT = iphoneos;
				TARGETED_DEVICE_FAMILY = "1,2";
				VALIDATE_PRODUCT = YES;
			};
			name = Release;
		};
		656216451B87283E003F69C3 /* Debug */ = {
			isa = XCBuildConfiguration;
			buildSettings = {
				ASSETCATALOG_COMPILER_APPICON_NAME = AppIcon;
				DEFINES_MODULE = YES;
				INFOPLIST_FILE = SwiftReferenceApp/Info.plist;
				LD_RUNPATH_SEARCH_PATHS = "$(inherited) @executable_path/Frameworks";
				PRODUCT_NAME = "$(TARGET_NAME)";
			};
			name = Debug;
		};
		656216461B87283E003F69C3 /* Release */ = {
			isa = XCBuildConfiguration;
			buildSettings = {
				ASSETCATALOG_COMPILER_APPICON_NAME = AppIcon;
				DEFINES_MODULE = YES;
				INFOPLIST_FILE = SwiftReferenceApp/Info.plist;
				LD_RUNPATH_SEARCH_PATHS = "$(inherited) @executable_path/Frameworks";
				PRODUCT_NAME = "$(TARGET_NAME)";
			};
			name = Release;
		};
		656216481B87283E003F69C3 /* Debug */ = {
			isa = XCBuildConfiguration;
			buildSettings = {
				BUNDLE_LOADER = "$(TEST_HOST)";
				FRAMEWORK_SEARCH_PATHS = (
					"$(SDKROOT)/Developer/Library/Frameworks",
					"$(inherited)",
				);
				GCC_PREPROCESSOR_DEFINITIONS = (
					"DEBUG=1",
					"$(inherited)",
				);
				INFOPLIST_FILE = SwiftReferenceAppTests/Info.plist;
				LD_RUNPATH_SEARCH_PATHS = "$(inherited) @executable_path/Frameworks @loader_path/Frameworks";
				PRODUCT_NAME = "$(TARGET_NAME)";
				TEST_HOST = "$(BUILT_PRODUCTS_DIR)/SwiftReferenceApp.app/SwiftReferenceApp";
			};
			name = Debug;
		};
		656216491B87283E003F69C3 /* Release */ = {
			isa = XCBuildConfiguration;
			buildSettings = {
				BUNDLE_LOADER = "$(TEST_HOST)";
				FRAMEWORK_SEARCH_PATHS = (
					"$(SDKROOT)/Developer/Library/Frameworks",
					"$(inherited)",
				);
				INFOPLIST_FILE = SwiftReferenceAppTests/Info.plist;
				LD_RUNPATH_SEARCH_PATHS = "$(inherited) @executable_path/Frameworks @loader_path/Frameworks";
				PRODUCT_NAME = "$(TARGET_NAME)";
				TEST_HOST = "$(BUILT_PRODUCTS_DIR)/SwiftReferenceApp.app/SwiftReferenceApp";
			};
			name = Release;
		};
/* End XCBuildConfiguration section */

/* Begin XCConfigurationList section */
		6562161D1B87283E003F69C3 /* Build configuration list for PBXProject "SwiftReferenceApp" */ = {
			isa = XCConfigurationList;
			buildConfigurations = (
				656216421B87283E003F69C3 /* Debug */,
				656216431B87283E003F69C3 /* Release */,
			);
			defaultConfigurationIsVisible = 0;
			defaultConfigurationName = Release;
		};
		656216441B87283E003F69C3 /* Build configuration list for PBXNativeTarget "SwiftReferenceApp" */ = {
			isa = XCConfigurationList;
			buildConfigurations = (
				656216451B87283E003F69C3 /* Debug */,
				656216461B87283E003F69C3 /* Release */,
			);
			defaultConfigurationIsVisible = 0;
			defaultConfigurationName = Release;
		};
		656216471B87283E003F69C3 /* Build configuration list for PBXNativeTarget "SwiftReferenceAppTests" */ = {
			isa = XCConfigurationList;
			buildConfigurations = (
				656216481B87283E003F69C3 /* Debug */,
				656216491B87283E003F69C3 /* Release */,
			);
			defaultConfigurationIsVisible = 0;
			defaultConfigurationName = Release;
		};
/* End XCConfigurationList section */

/* Begin XCVersionGroup section */
		656216291B87283E003F69C3 /* SwiftReferenceApp.xcdatamodeld */ = {
			isa = XCVersionGroup;
			children = (
				6562162A1B87283E003F69C3 /* SwiftReferenceApp.xcdatamodel */,
			);
			currentVersion = 6562162A1B87283E003F69C3 /* SwiftReferenceApp.xcdatamodel */;
			path = SwiftReferenceApp.xcdatamodeld;
			sourceTree = "<group>";
			versionGroupType = wrapper.xcdatamodel;
		};
/* End XCVersionGroup section */
	};
	rootObject = 6562161A1B87283E003F69C3 /* Project object */;
}
